// !$*UTF8*$!
{
	archiveVersion = 1;
	classes = {
	};
	objectVersion = 50;
	objects = {

/* Begin PBXBuildFile section */
		77662664255932CD0009B6FA /* Fasting.swift in Sources */ = {isa = PBXBuildFile; fileRef = 77662663255932CD0009B6FA /* Fasting.swift */; };
		7766266F25595ADF0009B6FA /* DetailSaintViewModel.swift in Sources */ = {isa = PBXBuildFile; fileRef = 7766266E25595ADF0009B6FA /* DetailSaintViewModel.swift */; };
		7766267225595B700009B6FA /* DetailSaintView.swift in Sources */ = {isa = PBXBuildFile; fileRef = 7766267125595B700009B6FA /* DetailSaintView.swift */; };
		7767E7272555541600870197 /* Ichthys_CalendarApp.swift in Sources */ = {isa = PBXBuildFile; fileRef = 7767E7262555541600870197 /* Ichthys_CalendarApp.swift */; };
		7767E7292555541600870197 /* CalendarView.swift in Sources */ = {isa = PBXBuildFile; fileRef = 7767E7282555541600870197 /* CalendarView.swift */; };
		7767E72B2555541800870197 /* Assets.xcassets in Resources */ = {isa = PBXBuildFile; fileRef = 7767E72A2555541800870197 /* Assets.xcassets */; };
		7767E72E2555541800870197 /* Preview Assets.xcassets in Resources */ = {isa = PBXBuildFile; fileRef = 7767E72D2555541800870197 /* Preview Assets.xcassets */; };
		7788CB3725557231000D70D8 /* DayData.swift in Sources */ = {isa = PBXBuildFile; fileRef = 7788CB3625557231000D70D8 /* DayData.swift */; };
		779B7BB42555CBD1009C6835 /* Holiday.swift in Sources */ = {isa = PBXBuildFile; fileRef = 779B7BB32555CBD1009C6835 /* Holiday.swift */; };
		779B7BB72555CBE4009C6835 /* HolidayImg.swift in Sources */ = {isa = PBXBuildFile; fileRef = 779B7BB62555CBE4009C6835 /* HolidayImg.swift */; };
		779B7BBC2555CBFE009C6835 /* Saint.swift in Sources */ = {isa = PBXBuildFile; fileRef = 779B7BBB2555CBFE009C6835 /* Saint.swift */; };
		779B7BBF2555CC16009C6835 /* SaintImg.swift in Sources */ = {isa = PBXBuildFile; fileRef = 779B7BBE2555CC16009C6835 /* SaintImg.swift */; };
		779B7BD12555D45D009C6835 /* Extension+URLRequest.swift in Sources */ = {isa = PBXBuildFile; fileRef = 779B7BD02555D45D009C6835 /* Extension+URLRequest.swift */; };
		779B7BD82555D4BE009C6835 /* CalendarEndpoint.swift in Sources */ = {isa = PBXBuildFile; fileRef = 779B7BD72555D4BE009C6835 /* CalendarEndpoint.swift */; };
		77F06FEB25566E9C00BFDD3A /* APIService.swift in Sources */ = {isa = PBXBuildFile; fileRef = 77F06FEA25566E9C00BFDD3A /* APIService.swift */; };
		77F06FEF25566F8700BFDD3A /* RequestBuilder.swift in Sources */ = {isa = PBXBuildFile; fileRef = 77F06FEE25566F8700BFDD3A /* RequestBuilder.swift */; };
		77F06FF225566FA800BFDD3A /* APIError.swift in Sources */ = {isa = PBXBuildFile; fileRef = 77F06FF125566FA800BFDD3A /* APIError.swift */; };
		77F06FF52556703C00BFDD3A /* APISession.swift in Sources */ = {isa = PBXBuildFile; fileRef = 77F06FF42556703C00BFDD3A /* APISession.swift */; };
		77F06FFA2556A69F00BFDD3A /* CalendarService.swift in Sources */ = {isa = PBXBuildFile; fileRef = 77F06FF92556A69F00BFDD3A /* CalendarService.swift */; };
		77F06FFD2556A8B500BFDD3A /* DayViewModel.swift in Sources */ = {isa = PBXBuildFile; fileRef = 77F06FFC2556A8B500BFDD3A /* DayViewModel.swift */; };
		77F070012556F28900BFDD3A /* DayIconImages.swift in Sources */ = {isa = PBXBuildFile; fileRef = 77F070002556F28900BFDD3A /* DayIconImages.swift */; };
		77F0700B25570A9500BFDD3A /* ImageLoader.swift in Sources */ = {isa = PBXBuildFile; fileRef = 77F0700A25570A9500BFDD3A /* ImageLoader.swift */; };
		77F0701125570B2500BFDD3A /* AsyncImage.swift in Sources */ = {isa = PBXBuildFile; fileRef = 77F0701025570B2500BFDD3A /* AsyncImage.swift */; };
		77F070142557234B00BFDD3A /* ImageCache.swift in Sources */ = {isa = PBXBuildFile; fileRef = 77F070132557234B00BFDD3A /* ImageCache.swift */; };
		77F070172557260300BFDD3A /* TemporaryImageCache.swift in Sources */ = {isa = PBXBuildFile; fileRef = 77F070162557260300BFDD3A /* TemporaryImageCache.swift */; };
		77F0701A25572C0300BFDD3A /* ImageCacheKey.swift in Sources */ = {isa = PBXBuildFile; fileRef = 77F0701925572C0300BFDD3A /* ImageCacheKey.swift */; };
		77FC05AC2559637B001AE985 /* Extension+String.swift in Sources */ = {isa = PBXBuildFile; fileRef = 77FC05AB2559637B001AE985 /* Extension+String.swift */; };
		77FC05AF2559638A001AE985 /* Extension+Data.swift in Sources */ = {isa = PBXBuildFile; fileRef = 77FC05AE2559638A001AE985 /* Extension+Data.swift */; };
/* End PBXBuildFile section */

/* Begin PBXFileReference section */
		77662663255932CD0009B6FA /* Fasting.swift */ = {isa = PBXFileReference; lastKnownFileType = sourcecode.swift; path = Fasting.swift; sourceTree = "<group>"; };
		7766266E25595ADF0009B6FA /* DetailSaintViewModel.swift */ = {isa = PBXFileReference; lastKnownFileType = sourcecode.swift; path = DetailSaintViewModel.swift; sourceTree = "<group>"; };
		7766267125595B700009B6FA /* DetailSaintView.swift */ = {isa = PBXFileReference; lastKnownFileType = sourcecode.swift; path = DetailSaintView.swift; sourceTree = "<group>"; };
		7767E7232555541600870197 /* Ichthys Calendar.app */ = {isa = PBXFileReference; explicitFileType = wrapper.application; includeInIndex = 0; path = "Ichthys Calendar.app"; sourceTree = BUILT_PRODUCTS_DIR; };
		7767E7262555541600870197 /* Ichthys_CalendarApp.swift */ = {isa = PBXFileReference; lastKnownFileType = sourcecode.swift; path = Ichthys_CalendarApp.swift; sourceTree = "<group>"; };
		7767E7282555541600870197 /* CalendarView.swift */ = {isa = PBXFileReference; lastKnownFileType = sourcecode.swift; path = CalendarView.swift; sourceTree = "<group>"; };
		7767E72A2555541800870197 /* Assets.xcassets */ = {isa = PBXFileReference; lastKnownFileType = folder.assetcatalog; path = Assets.xcassets; sourceTree = "<group>"; };
		7767E72D2555541800870197 /* Preview Assets.xcassets */ = {isa = PBXFileReference; lastKnownFileType = folder.assetcatalog; path = "Preview Assets.xcassets"; sourceTree = "<group>"; };
		7767E72F2555541800870197 /* Info.plist */ = {isa = PBXFileReference; lastKnownFileType = text.plist.xml; path = Info.plist; sourceTree = "<group>"; };
		7788CB3625557231000D70D8 /* DayData.swift */ = {isa = PBXFileReference; lastKnownFileType = sourcecode.swift; path = DayData.swift; sourceTree = "<group>"; };
		779B7BB32555CBD1009C6835 /* Holiday.swift */ = {isa = PBXFileReference; lastKnownFileType = sourcecode.swift; path = Holiday.swift; sourceTree = "<group>"; };
		779B7BB62555CBE4009C6835 /* HolidayImg.swift */ = {isa = PBXFileReference; lastKnownFileType = sourcecode.swift; path = HolidayImg.swift; sourceTree = "<group>"; };
		779B7BBB2555CBFE009C6835 /* Saint.swift */ = {isa = PBXFileReference; lastKnownFileType = sourcecode.swift; path = Saint.swift; sourceTree = "<group>"; };
		779B7BBE2555CC16009C6835 /* SaintImg.swift */ = {isa = PBXFileReference; lastKnownFileType = sourcecode.swift; path = SaintImg.swift; sourceTree = "<group>"; };
		779B7BD02555D45D009C6835 /* Extension+URLRequest.swift */ = {isa = PBXFileReference; lastKnownFileType = sourcecode.swift; path = "Extension+URLRequest.swift"; sourceTree = "<group>"; };
		779B7BD72555D4BE009C6835 /* CalendarEndpoint.swift */ = {isa = PBXFileReference; lastKnownFileType = sourcecode.swift; path = CalendarEndpoint.swift; sourceTree = "<group>"; };
		77F06FEA25566E9C00BFDD3A /* APIService.swift */ = {isa = PBXFileReference; lastKnownFileType = sourcecode.swift; path = APIService.swift; sourceTree = "<group>"; };
		77F06FEE25566F8700BFDD3A /* RequestBuilder.swift */ = {isa = PBXFileReference; lastKnownFileType = sourcecode.swift; path = RequestBuilder.swift; sourceTree = "<group>"; };
		77F06FF125566FA800BFDD3A /* APIError.swift */ = {isa = PBXFileReference; lastKnownFileType = sourcecode.swift; path = APIError.swift; sourceTree = "<group>"; };
		77F06FF42556703C00BFDD3A /* APISession.swift */ = {isa = PBXFileReference; lastKnownFileType = sourcecode.swift; path = APISession.swift; sourceTree = "<group>"; };
		77F06FF92556A69F00BFDD3A /* CalendarService.swift */ = {isa = PBXFileReference; lastKnownFileType = sourcecode.swift; path = CalendarService.swift; sourceTree = "<group>"; };
		77F06FFC2556A8B500BFDD3A /* DayViewModel.swift */ = {isa = PBXFileReference; lastKnownFileType = sourcecode.swift; path = DayViewModel.swift; sourceTree = "<group>"; };
		77F070002556F28900BFDD3A /* DayIconImages.swift */ = {isa = PBXFileReference; lastKnownFileType = sourcecode.swift; path = DayIconImages.swift; sourceTree = "<group>"; };
		77F0700A25570A9500BFDD3A /* ImageLoader.swift */ = {isa = PBXFileReference; lastKnownFileType = sourcecode.swift; path = ImageLoader.swift; sourceTree = "<group>"; };
		77F0701025570B2500BFDD3A /* AsyncImage.swift */ = {isa = PBXFileReference; lastKnownFileType = sourcecode.swift; path = AsyncImage.swift; sourceTree = "<group>"; };
		77F070132557234B00BFDD3A /* ImageCache.swift */ = {isa = PBXFileReference; lastKnownFileType = sourcecode.swift; path = ImageCache.swift; sourceTree = "<group>"; };
		77F070162557260300BFDD3A /* TemporaryImageCache.swift */ = {isa = PBXFileReference; lastKnownFileType = sourcecode.swift; path = TemporaryImageCache.swift; sourceTree = "<group>"; };
		77F0701925572C0300BFDD3A /* ImageCacheKey.swift */ = {isa = PBXFileReference; lastKnownFileType = sourcecode.swift; path = ImageCacheKey.swift; sourceTree = "<group>"; };
		77FC05AB2559637B001AE985 /* Extension+String.swift */ = {isa = PBXFileReference; lastKnownFileType = sourcecode.swift; path = "Extension+String.swift"; sourceTree = "<group>"; };
		77FC05AE2559638A001AE985 /* Extension+Data.swift */ = {isa = PBXFileReference; lastKnownFileType = sourcecode.swift; path = "Extension+Data.swift"; sourceTree = "<group>"; };
/* End PBXFileReference section */

/* Begin PBXFrameworksBuildPhase section */
		7767E7202555541600870197 /* Frameworks */ = {
			isa = PBXFrameworksBuildPhase;
			buildActionMask = 2147483647;
			files = (
			);
			runOnlyForDeploymentPostprocessing = 0;
		};
/* End PBXFrameworksBuildPhase section */

/* Begin PBXGroup section */
		77662666255932D40009B6FA /* Fasting */ = {
			isa = PBXGroup;
			children = (
				77662663255932CD0009B6FA /* Fasting.swift */,
			);
			path = Fasting;
			sourceTree = "<group>";
		};
		7767E71A2555541600870197 = {
			isa = PBXGroup;
			children = (
				7767E7252555541600870197 /* Ichthys Calendar */,
				7767E7242555541600870197 /* Products */,
			);
			sourceTree = "<group>";
		};
		7767E7242555541600870197 /* Products */ = {
			isa = PBXGroup;
			children = (
				7767E7232555541600870197 /* Ichthys Calendar.app */,
			);
			name = Products;
			sourceTree = "<group>";
		};
		7767E7252555541600870197 /* Ichthys Calendar */ = {
			isa = PBXGroup;
			children = (
				7767E738255556F000870197 /* App */,
				779B7BD52555D47A009C6835 /* Utilities */,
				7788CB3925557238000D70D8 /* Model */,
				779B7BCE2555D2B9009C6835 /* ViewModel */,
				7767E739255556F900870197 /* View */,
				7767E737255556BE00870197 /* Resources */,
			);
			path = "Ichthys Calendar";
			sourceTree = "<group>";
		};
		7767E72C2555541800870197 /* Preview Content */ = {
			isa = PBXGroup;
			children = (
				7767E72D2555541800870197 /* Preview Assets.xcassets */,
			);
			path = "Preview Content";
			sourceTree = "<group>";
		};
		7767E737255556BE00870197 /* Resources */ = {
			isa = PBXGroup;
			children = (
				7767E72A2555541800870197 /* Assets.xcassets */,
				7767E72C2555541800870197 /* Preview Content */,
			);
			path = Resources;
			sourceTree = "<group>";
		};
		7767E738255556F000870197 /* App */ = {
			isa = PBXGroup;
			children = (
				7767E7262555541600870197 /* Ichthys_CalendarApp.swift */,
				7767E72F2555541800870197 /* Info.plist */,
			);
			path = App;
			sourceTree = "<group>";
		};
		7767E739255556F900870197 /* View */ = {
			isa = PBXGroup;
			children = (
				7767E7282555541600870197 /* CalendarView.swift */,
				7766267125595B700009B6FA /* DetailSaintView.swift */,
				7783F20925599F1600993068 /* SupportingView */,
			);
			path = View;
			sourceTree = "<group>";
		};
		7783F20925599F1600993068 /* SupportingView */ = {
			isa = PBXGroup;
			children = (
				77F070002556F28900BFDD3A /* DayIconImages.swift */,
			);
			path = SupportingView;
			sourceTree = "<group>";
		};
		7788CB3925557238000D70D8 /* Model */ = {
			isa = PBXGroup;
			children = (
				7788CB3625557231000D70D8 /* DayData.swift */,
				779B7BC12555CC19009C6835 /* Saint */,
				779B7BB92555CBEC009C6835 /* Holiday */,
				77662666255932D40009B6FA /* Fasting */,
			);
			path = Model;
			sourceTree = "<group>";
		};
		779B7BB92555CBEC009C6835 /* Holiday */ = {
			isa = PBXGroup;
			children = (
				779B7BB32555CBD1009C6835 /* Holiday.swift */,
				779B7BB62555CBE4009C6835 /* HolidayImg.swift */,
			);
			path = Holiday;
			sourceTree = "<group>";
		};
		779B7BC12555CC19009C6835 /* Saint */ = {
			isa = PBXGroup;
			children = (
				779B7BBB2555CBFE009C6835 /* Saint.swift */,
				779B7BBE2555CC16009C6835 /* SaintImg.swift */,
			);
			path = Saint;
			sourceTree = "<group>";
		};
		779B7BCE2555D2B9009C6835 /* ViewModel */ = {
			isa = PBXGroup;
			children = (
				77F06FFC2556A8B500BFDD3A /* DayViewModel.swift */,
				7766266E25595ADF0009B6FA /* DetailSaintViewModel.swift */,
			);
			path = ViewModel;
			sourceTree = "<group>";
		};
		779B7BD52555D47A009C6835 /* Utilities */ = {
			isa = PBXGroup;
			children = (
				77FC05B1255963C0001AE985 /* Extension */,
				77F06FED25566F7600BFDD3A /* API */,
			);
			path = Utilities;
			sourceTree = "<group>";
		};
		77F06FED25566F7600BFDD3A /* API */ = {
			isa = PBXGroup;
			children = (
				77F06FF125566FA800BFDD3A /* APIError.swift */,
				77F06FEA25566E9C00BFDD3A /* APIService.swift */,
				77F06FF42556703C00BFDD3A /* APISession.swift */,
				779B7BD72555D4BE009C6835 /* CalendarEndpoint.swift */,
				77F06FF92556A69F00BFDD3A /* CalendarService.swift */,
				779B7BD02555D45D009C6835 /* Extension+URLRequest.swift */,
				77F06FEE25566F8700BFDD3A /* RequestBuilder.swift */,
				77F0700D25570A9900BFDD3A /* ImageAPI */,
			);
			path = API;
			sourceTree = "<group>";
		};
		77F0700D25570A9900BFDD3A /* ImageAPI */ = {
			isa = PBXGroup;
			children = (
				77F0701025570B2500BFDD3A /* AsyncImage.swift */,
				77F0700A25570A9500BFDD3A /* ImageLoader.swift */,
				77F0701925572C0300BFDD3A /* ImageCacheKey.swift */,
				77F070132557234B00BFDD3A /* ImageCache.swift */,
				77F070162557260300BFDD3A /* TemporaryImageCache.swift */,
			);
			path = ImageAPI;
			sourceTree = "<group>";
		};
		77FC05B1255963C0001AE985 /* Extension */ = {
			isa = PBXGroup;
			children = (
				77FC05AB2559637B001AE985 /* Extension+String.swift */,
				77FC05AE2559638A001AE985 /* Extension+Data.swift */,
			);
			path = Extension;
			sourceTree = "<group>";
		};
/* End PBXGroup section */

/* Begin PBXNativeTarget section */
		7767E7222555541600870197 /* Ichthys Calendar */ = {
			isa = PBXNativeTarget;
			buildConfigurationList = 7767E7322555541800870197 /* Build configuration list for PBXNativeTarget "Ichthys Calendar" */;
			buildPhases = (
				7767E71F2555541600870197 /* Sources */,
				7767E7202555541600870197 /* Frameworks */,
				7767E7212555541600870197 /* Resources */,
			);
			buildRules = (
			);
			dependencies = (
			);
			name = "Ichthys Calendar";
			productName = "Ichthys Calendar";
			productReference = 7767E7232555541600870197 /* Ichthys Calendar.app */;
			productType = "com.apple.product-type.application";
		};
/* End PBXNativeTarget section */

/* Begin PBXProject section */
		7767E71B2555541600870197 /* Project object */ = {
			isa = PBXProject;
			attributes = {
				LastSwiftUpdateCheck = 1210;
				LastUpgradeCheck = 1210;
				TargetAttributes = {
					7767E7222555541600870197 = {
						CreatedOnToolsVersion = 12.1;
					};
				};
			};
			buildConfigurationList = 7767E71E2555541600870197 /* Build configuration list for PBXProject "Ichthys Calendar" */;
			compatibilityVersion = "Xcode 9.3";
			developmentRegion = en;
			hasScannedForEncodings = 0;
			knownRegions = (
				en,
				Base,
			);
			mainGroup = 7767E71A2555541600870197;
			productRefGroup = 7767E7242555541600870197 /* Products */;
			projectDirPath = "";
			projectRoot = "";
			targets = (
				7767E7222555541600870197 /* Ichthys Calendar */,
			);
		};
/* End PBXProject section */

/* Begin PBXResourcesBuildPhase section */
		7767E7212555541600870197 /* Resources */ = {
			isa = PBXResourcesBuildPhase;
			buildActionMask = 2147483647;
			files = (
				7767E72E2555541800870197 /* Preview Assets.xcassets in Resources */,
				7767E72B2555541800870197 /* Assets.xcassets in Resources */,
			);
			runOnlyForDeploymentPostprocessing = 0;
		};
/* End PBXResourcesBuildPhase section */

/* Begin PBXSourcesBuildPhase section */
		7767E71F2555541600870197 /* Sources */ = {
			isa = PBXSourcesBuildPhase;
			buildActionMask = 2147483647;
			files = (
				779B7BB72555CBE4009C6835 /* HolidayImg.swift in Sources */,
				779B7BB42555CBD1009C6835 /* Holiday.swift in Sources */,
				779B7BBC2555CBFE009C6835 /* Saint.swift in Sources */,
				779B7BD12555D45D009C6835 /* Extension+URLRequest.swift in Sources */,
				7788CB3725557231000D70D8 /* DayData.swift in Sources */,
				7766266F25595ADF0009B6FA /* DetailSaintViewModel.swift in Sources */,
				77F06FFA2556A69F00BFDD3A /* CalendarService.swift in Sources */,
				77F06FF225566FA800BFDD3A /* APIError.swift in Sources */,
				77F0701A25572C0300BFDD3A /* ImageCacheKey.swift in Sources */,
				779B7BBF2555CC16009C6835 /* SaintImg.swift in Sources */,
				77FC05AC2559637B001AE985 /* Extension+String.swift in Sources */,
				77F06FEB25566E9C00BFDD3A /* APIService.swift in Sources */,
				77662664255932CD0009B6FA /* Fasting.swift in Sources */,
				77F070142557234B00BFDD3A /* ImageCache.swift in Sources */,
				7766267225595B700009B6FA /* DetailSaintView.swift in Sources */,
				77F06FFD2556A8B500BFDD3A /* DayViewModel.swift in Sources */,
				77F0701125570B2500BFDD3A /* AsyncImage.swift in Sources */,
				77FC05AF2559638A001AE985 /* Extension+Data.swift in Sources */,
				77F06FEF25566F8700BFDD3A /* RequestBuilder.swift in Sources */,
				77F0700B25570A9500BFDD3A /* ImageLoader.swift in Sources */,
				77F070172557260300BFDD3A /* TemporaryImageCache.swift in Sources */,
				77F070012556F28900BFDD3A /* DayIconImages.swift in Sources */,
				7767E7292555541600870197 /* CalendarView.swift in Sources */,
				779B7BD82555D4BE009C6835 /* CalendarEndpoint.swift in Sources */,
				7767E7272555541600870197 /* Ichthys_CalendarApp.swift in Sources */,
				77F06FF52556703C00BFDD3A /* APISession.swift in Sources */,
			);
			runOnlyForDeploymentPostprocessing = 0;
		};
/* End PBXSourcesBuildPhase section */

/* Begin XCBuildConfiguration section */
		7767E7302555541800870197 /* Debug */ = {
			isa = XCBuildConfiguration;
			buildSettings = {
				ALWAYS_SEARCH_USER_PATHS = NO;
				CLANG_ANALYZER_NONNULL = YES;
				CLANG_ANALYZER_NUMBER_OBJECT_CONVERSION = YES_AGGRESSIVE;
				CLANG_CXX_LANGUAGE_STANDARD = "gnu++14";
				CLANG_CXX_LIBRARY = "libc++";
				CLANG_ENABLE_MODULES = YES;
				CLANG_ENABLE_OBJC_ARC = YES;
				CLANG_ENABLE_OBJC_WEAK = YES;
				CLANG_WARN_BLOCK_CAPTURE_AUTORELEASING = YES;
				CLANG_WARN_BOOL_CONVERSION = YES;
				CLANG_WARN_COMMA = YES;
				CLANG_WARN_CONSTANT_CONVERSION = YES;
				CLANG_WARN_DEPRECATED_OBJC_IMPLEMENTATIONS = YES;
				CLANG_WARN_DIRECT_OBJC_ISA_USAGE = YES_ERROR;
				CLANG_WARN_DOCUMENTATION_COMMENTS = YES;
				CLANG_WARN_EMPTY_BODY = YES;
				CLANG_WARN_ENUM_CONVERSION = YES;
				CLANG_WARN_INFINITE_RECURSION = YES;
				CLANG_WARN_INT_CONVERSION = YES;
				CLANG_WARN_NON_LITERAL_NULL_CONVERSION = YES;
				CLANG_WARN_OBJC_IMPLICIT_RETAIN_SELF = YES;
				CLANG_WARN_OBJC_LITERAL_CONVERSION = YES;
				CLANG_WARN_OBJC_ROOT_CLASS = YES_ERROR;
				CLANG_WARN_QUOTED_INCLUDE_IN_FRAMEWORK_HEADER = YES;
				CLANG_WARN_RANGE_LOOP_ANALYSIS = YES;
				CLANG_WARN_STRICT_PROTOTYPES = YES;
				CLANG_WARN_SUSPICIOUS_MOVE = YES;
				CLANG_WARN_UNGUARDED_AVAILABILITY = YES_AGGRESSIVE;
				CLANG_WARN_UNREACHABLE_CODE = YES;
				CLANG_WARN__DUPLICATE_METHOD_MATCH = YES;
				COPY_PHASE_STRIP = NO;
				DEBUG_INFORMATION_FORMAT = dwarf;
				ENABLE_STRICT_OBJC_MSGSEND = YES;
				ENABLE_TESTABILITY = YES;
				GCC_C_LANGUAGE_STANDARD = gnu11;
				GCC_DYNAMIC_NO_PIC = NO;
				GCC_NO_COMMON_BLOCKS = YES;
				GCC_OPTIMIZATION_LEVEL = 0;
				GCC_PREPROCESSOR_DEFINITIONS = (
					"DEBUG=1",
					"$(inherited)",
				);
				GCC_WARN_64_TO_32_BIT_CONVERSION = YES;
				GCC_WARN_ABOUT_RETURN_TYPE = YES_ERROR;
				GCC_WARN_UNDECLARED_SELECTOR = YES;
				GCC_WARN_UNINITIALIZED_AUTOS = YES_AGGRESSIVE;
				GCC_WARN_UNUSED_FUNCTION = YES;
				GCC_WARN_UNUSED_VARIABLE = YES;
				IPHONEOS_DEPLOYMENT_TARGET = 14.1;
				MTL_ENABLE_DEBUG_INFO = INCLUDE_SOURCE;
				MTL_FAST_MATH = YES;
				ONLY_ACTIVE_ARCH = YES;
				SDKROOT = iphoneos;
				SWIFT_ACTIVE_COMPILATION_CONDITIONS = DEBUG;
				SWIFT_OPTIMIZATION_LEVEL = "-Onone";
			};
			name = Debug;
		};
		7767E7312555541800870197 /* Release */ = {
			isa = XCBuildConfiguration;
			buildSettings = {
				ALWAYS_SEARCH_USER_PATHS = NO;
				CLANG_ANALYZER_NONNULL = YES;
				CLANG_ANALYZER_NUMBER_OBJECT_CONVERSION = YES_AGGRESSIVE;
				CLANG_CXX_LANGUAGE_STANDARD = "gnu++14";
				CLANG_CXX_LIBRARY = "libc++";
				CLANG_ENABLE_MODULES = YES;
				CLANG_ENABLE_OBJC_ARC = YES;
				CLANG_ENABLE_OBJC_WEAK = YES;
				CLANG_WARN_BLOCK_CAPTURE_AUTORELEASING = YES;
				CLANG_WARN_BOOL_CONVERSION = YES;
				CLANG_WARN_COMMA = YES;
				CLANG_WARN_CONSTANT_CONVERSION = YES;
				CLANG_WARN_DEPRECATED_OBJC_IMPLEMENTATIONS = YES;
				CLANG_WARN_DIRECT_OBJC_ISA_USAGE = YES_ERROR;
				CLANG_WARN_DOCUMENTATION_COMMENTS = YES;
				CLANG_WARN_EMPTY_BODY = YES;
				CLANG_WARN_ENUM_CONVERSION = YES;
				CLANG_WARN_INFINITE_RECURSION = YES;
				CLANG_WARN_INT_CONVERSION = YES;
				CLANG_WARN_NON_LITERAL_NULL_CONVERSION = YES;
				CLANG_WARN_OBJC_IMPLICIT_RETAIN_SELF = YES;
				CLANG_WARN_OBJC_LITERAL_CONVERSION = YES;
				CLANG_WARN_OBJC_ROOT_CLASS = YES_ERROR;
				CLANG_WARN_QUOTED_INCLUDE_IN_FRAMEWORK_HEADER = YES;
				CLANG_WARN_RANGE_LOOP_ANALYSIS = YES;
				CLANG_WARN_STRICT_PROTOTYPES = YES;
				CLANG_WARN_SUSPICIOUS_MOVE = YES;
				CLANG_WARN_UNGUARDED_AVAILABILITY = YES_AGGRESSIVE;
				CLANG_WARN_UNREACHABLE_CODE = YES;
				CLANG_WARN__DUPLICATE_METHOD_MATCH = YES;
				COPY_PHASE_STRIP = NO;
				DEBUG_INFORMATION_FORMAT = "dwarf-with-dsym";
				ENABLE_NS_ASSERTIONS = NO;
				ENABLE_STRICT_OBJC_MSGSEND = YES;
				GCC_C_LANGUAGE_STANDARD = gnu11;
				GCC_NO_COMMON_BLOCKS = YES;
				GCC_WARN_64_TO_32_BIT_CONVERSION = YES;
				GCC_WARN_ABOUT_RETURN_TYPE = YES_ERROR;
				GCC_WARN_UNDECLARED_SELECTOR = YES;
				GCC_WARN_UNINITIALIZED_AUTOS = YES_AGGRESSIVE;
				GCC_WARN_UNUSED_FUNCTION = YES;
				GCC_WARN_UNUSED_VARIABLE = YES;
				IPHONEOS_DEPLOYMENT_TARGET = 14.1;
				MTL_ENABLE_DEBUG_INFO = NO;
				MTL_FAST_MATH = YES;
				SDKROOT = iphoneos;
				SWIFT_COMPILATION_MODE = wholemodule;
				SWIFT_OPTIMIZATION_LEVEL = "-O";
				VALIDATE_PRODUCT = YES;
			};
			name = Release;
		};
		7767E7332555541800870197 /* Debug */ = {
			isa = XCBuildConfiguration;
			buildSettings = {
				ASSETCATALOG_COMPILER_APPICON_NAME = AppIcon;
				ASSETCATALOG_COMPILER_GLOBAL_ACCENT_COLOR_NAME = AccentColor;
				CODE_SIGN_STYLE = Automatic;
				CURRENT_PROJECT_VERSION = 4;
				DEVELOPMENT_ASSET_PATHS = "\"Ichthys Calendar/Resources/Preview Content\"";
				DEVELOPMENT_TEAM = PFT2629W4Z;
				ENABLE_PREVIEWS = YES;
				INFOPLIST_FILE = "$(SRCROOT)/Ichthys Calendar/App/Info.plist";
				IPHONEOS_DEPLOYMENT_TARGET = 14.1;
				LD_RUNPATH_SEARCH_PATHS = (
					"$(inherited)",
					"@executable_path/Frameworks",
				);
				PRODUCT_BUNDLE_IDENTIFIER = "SwiftViktor.Ichthys-Calendar";
				PRODUCT_NAME = "$(TARGET_NAME)";
				SWIFT_VERSION = 5.0;
				TARGETED_DEVICE_FAMILY = 1;
			};
			name = Debug;
		};
		7767E7342555541800870197 /* Release */ = {
			isa = XCBuildConfiguration;
			buildSettings = {
				ASSETCATALOG_COMPILER_APPICON_NAME = AppIcon;
				ASSETCATALOG_COMPILER_GLOBAL_ACCENT_COLOR_NAME = AccentColor;
				CODE_SIGN_STYLE = Automatic;
				CURRENT_PROJECT_VERSION = 4;
				DEVELOPMENT_ASSET_PATHS = "\"Ichthys Calendar/Resources/Preview Content\"";
				DEVELOPMENT_TEAM = PFT2629W4Z;
				ENABLE_PREVIEWS = YES;
				INFOPLIST_FILE = "$(SRCROOT)/Ichthys Calendar/App/Info.plist";
				IPHONEOS_DEPLOYMENT_TARGET = 14.1;
				LD_RUNPATH_SEARCH_PATHS = (
					"$(inherited)",
					"@executable_path/Frameworks",
				);
				PRODUCT_BUNDLE_IDENTIFIER = "SwiftViktor.Ichthys-Calendar";
				PRODUCT_NAME = "$(TARGET_NAME)";
				SWIFT_VERSION = 5.0;
				TARGETED_DEVICE_FAMILY = 1;
			};
			name = Release;
		};
/* End XCBuildConfiguration section */

/* Begin XCConfigurationList section */
		7767E71E2555541600870197 /* Build configuration list for PBXProject "Ichthys Calendar" */ = {
			isa = XCConfigurationList;
			buildConfigurations = (
				7767E7302555541800870197 /* Debug */,
				7767E7312555541800870197 /* Release */,
			);
			defaultConfigurationIsVisible = 0;
			defaultConfigurationName = Release;
		};
		7767E7322555541800870197 /* Build configuration list for PBXNativeTarget "Ichthys Calendar" */ = {
			isa = XCConfigurationList;
			buildConfigurations = (
				7767E7332555541800870197 /* Debug */,
				7767E7342555541800870197 /* Release */,
			);
			defaultConfigurationIsVisible = 0;
			defaultConfigurationName = Release;
		};
/* End XCConfigurationList section */
	};
	rootObject = 7767E71B2555541600870197 /* Project object */;
}
