// !$*UTF8*$!
{
	archiveVersion = 1;
	classes = {
	};
	objectVersion = 50;
	objects = {

/* Begin PBXBuildFile section */
		770E1B43256ADDE700D3ABA9 /* DetailSavedSaint.swift in Sources */ = {isa = PBXBuildFile; fileRef = 770E1B42256ADDE700D3ABA9 /* DetailSavedSaint.swift */; };
		77136B6F256EB9D1003AEAEA /* CurrentDayInfoViewModel.swift in Sources */ = {isa = PBXBuildFile; fileRef = 77136B6E256EB9D1003AEAEA /* CurrentDayInfoViewModel.swift */; };
		7717BAA7255D426F002AD3A6 /* WelcomeView.swift in Sources */ = {isa = PBXBuildFile; fileRef = 7717BAA6255D426F002AD3A6 /* WelcomeView.swift */; };
		7723BE392569064100A02847 /* SavedSaintViewModel.swift in Sources */ = {isa = PBXBuildFile; fileRef = 7723BE382569064100A02847 /* SavedSaintViewModel.swift */; };
		772E418A2577B7AC00E11AC4 /* Localizable.strings in Resources */ = {isa = PBXBuildFile; fileRef = 77797962257797590090AE50 /* Localizable.strings */; };
		7735CF2625658EB00048BD9D /* WaveShape.swift in Sources */ = {isa = PBXBuildFile; fileRef = 7735CF2525658EB00048BD9D /* WaveShape.swift */; };
		7736262D256BC77F00E80CA0 /* ImageCDM+CoreDataClass.swift in Sources */ = {isa = PBXBuildFile; fileRef = 7736262B256BC77F00E80CA0 /* ImageCDM+CoreDataClass.swift */; };
		7736262E256BC77F00E80CA0 /* ImageCDM+CoreDataProperties.swift in Sources */ = {isa = PBXBuildFile; fileRef = 7736262C256BC77F00E80CA0 /* ImageCDM+CoreDataProperties.swift */; };
		773B3513256431A500B0BFE1 /* Extension+DateFormatter.swift in Sources */ = {isa = PBXBuildFile; fileRef = 773B3512256431A500B0BFE1 /* Extension+DateFormatter.swift */; };
		773B351625650EFC00B0BFE1 /* HolidayView.swift in Sources */ = {isa = PBXBuildFile; fileRef = 773B351525650EFC00B0BFE1 /* HolidayView.swift */; };
		774F898D256BFD2A00A84663 /* SaintCDM+CoreDataClass.swift in Sources */ = {isa = PBXBuildFile; fileRef = 774F898B256BFD2A00A84663 /* SaintCDM+CoreDataClass.swift */; };
		774F898E256BFD2A00A84663 /* SaintCDM+CoreDataProperties.swift in Sources */ = {isa = PBXBuildFile; fileRef = 774F898C256BFD2A00A84663 /* SaintCDM+CoreDataProperties.swift */; };
		775272CA25752D9F00FE8FFF /* StoreReviewHelper.swift in Sources */ = {isa = PBXBuildFile; fileRef = 775272C925752D9F00FE8FFF /* StoreReviewHelper.swift */; };
		775272CE25752FCC00FE8FFF /* Extension+UIApplication.swift in Sources */ = {isa = PBXBuildFile; fileRef = 775272CD25752FCC00FE8FFF /* Extension+UIApplication.swift */; };
		775272D225753A9D00FE8FFF /* MailView.swift in Sources */ = {isa = PBXBuildFile; fileRef = 775272D125753A9D00FE8FFF /* MailView.swift */; };
		775272D925753BEB00FE8FFF /* Constant.swift in Sources */ = {isa = PBXBuildFile; fileRef = 776B81B32566BD300073C47E /* Constant.swift */; };
		77662664255932CD0009B6FA /* Fasting.swift in Sources */ = {isa = PBXBuildFile; fileRef = 77662663255932CD0009B6FA /* Fasting.swift */; };
		7766266F25595ADF0009B6FA /* DetailSaintViewModel.swift in Sources */ = {isa = PBXBuildFile; fileRef = 7766266E25595ADF0009B6FA /* DetailSaintViewModel.swift */; };
		7766267225595B700009B6FA /* DetailSaintView.swift in Sources */ = {isa = PBXBuildFile; fileRef = 7766267125595B700009B6FA /* DetailSaintView.swift */; };
		7767E7272555541600870197 /* Ichthys_CalendarApp.swift in Sources */ = {isa = PBXBuildFile; fileRef = 7767E7262555541600870197 /* Ichthys_CalendarApp.swift */; };
		7767E7292555541600870197 /* CalendarView.swift in Sources */ = {isa = PBXBuildFile; fileRef = 7767E7282555541600870197 /* CalendarView.swift */; };
		7767E72B2555541800870197 /* Assets.xcassets in Resources */ = {isa = PBXBuildFile; fileRef = 7767E72A2555541800870197 /* Assets.xcassets */; };
		7767E72E2555541800870197 /* Preview Assets.xcassets in Resources */ = {isa = PBXBuildFile; fileRef = 7767E72D2555541800870197 /* Preview Assets.xcassets */; };
		776B81B42566BD300073C47E /* Constant.swift in Sources */ = {isa = PBXBuildFile; fileRef = 776B81B32566BD300073C47E /* Constant.swift */; };
		776B81BB256705D60073C47E /* SavedSaintList.swift in Sources */ = {isa = PBXBuildFile; fileRef = 776B81BA256705D60073C47E /* SavedSaintList.swift */; };
		776B81BE256705DF0073C47E /* About.swift in Sources */ = {isa = PBXBuildFile; fileRef = 776B81BD256705DF0073C47E /* About.swift */; };
		7774ACC3255C125000FE1252 /* SaintService.swift in Sources */ = {isa = PBXBuildFile; fileRef = 7774ACC2255C125000FE1252 /* SaintService.swift */; };
		7774ACC6255C421100FE1252 /* MainImagePlaceholder.swift in Sources */ = {isa = PBXBuildFile; fileRef = 7774ACC5255C421100FE1252 /* MainImagePlaceholder.swift */; };
		7774ACC9255C56B100FE1252 /* BigIconImage.swift in Sources */ = {isa = PBXBuildFile; fileRef = 7774ACC8255C56B100FE1252 /* BigIconImage.swift */; };
		7774ACCD255C657E00FE1252 /* BigIconImagePlaceholder.swift in Sources */ = {isa = PBXBuildFile; fileRef = 7774ACCC255C657E00FE1252 /* BigIconImagePlaceholder.swift */; };
		77797960257797590090AE50 /* Localizable.strings in Resources */ = {isa = PBXBuildFile; fileRef = 77797962257797590090AE50 /* Localizable.strings */; };
		777EF1452575A35200E4016E /* SimpleButtonStyle.swift in Sources */ = {isa = PBXBuildFile; fileRef = 777EF1442575A35200E4016E /* SimpleButtonStyle.swift */; };
		777EF14B2575A69100E4016E /* Extension+LinearGradient.swift in Sources */ = {isa = PBXBuildFile; fileRef = 777EF14A2575A69100E4016E /* Extension+LinearGradient.swift */; };
		777EF14F2575A71200E4016E /* Extension+Color.swift in Sources */ = {isa = PBXBuildFile; fileRef = 777EF14E2575A71200E4016E /* Extension+Color.swift */; };
		7785672D256D8DF30024EDC1 /* CurrentDayInfoView.swift in Sources */ = {isa = PBXBuildFile; fileRef = 7785672C256D8DF30024EDC1 /* CurrentDayInfoView.swift */; };
		7788CB3725557231000D70D8 /* DayData.swift in Sources */ = {isa = PBXBuildFile; fileRef = 7788CB3625557231000D70D8 /* DayData.swift */; };
		779331B62573FE1300410C2E /* BasicNeumorphicShadow.swift in Sources */ = {isa = PBXBuildFile; fileRef = 77FD6ABB256EBC8B00571D36 /* BasicNeumorphicShadow.swift */; };
		779724A92569119D008C03D5 /* PersistenceManager.swift in Sources */ = {isa = PBXBuildFile; fileRef = 779724A82569119D008C03D5 /* PersistenceManager.swift */; };
		779724AD2569133C008C03D5 /* Extension+NSManagedObjectContext.swift in Sources */ = {isa = PBXBuildFile; fileRef = 779724AC2569133C008C03D5 /* Extension+NSManagedObjectContext.swift */; };
		779A2537256D0F4600440E45 /* BigIconImageSaved.swift in Sources */ = {isa = PBXBuildFile; fileRef = 779A2536256D0F4600440E45 /* BigIconImageSaved.swift */; };
		779B7BB42555CBD1009C6835 /* Holiday.swift in Sources */ = {isa = PBXBuildFile; fileRef = 779B7BB32555CBD1009C6835 /* Holiday.swift */; };
		779B7BB72555CBE4009C6835 /* HolidayImg.swift in Sources */ = {isa = PBXBuildFile; fileRef = 779B7BB62555CBE4009C6835 /* HolidayImg.swift */; };
		779B7BBC2555CBFE009C6835 /* Saint.swift in Sources */ = {isa = PBXBuildFile; fileRef = 779B7BBB2555CBFE009C6835 /* Saint.swift */; };
		779B7BBF2555CC16009C6835 /* SaintImg.swift in Sources */ = {isa = PBXBuildFile; fileRef = 779B7BBE2555CC16009C6835 /* SaintImg.swift */; };
		779B7BD12555D45D009C6835 /* Extension+URLRequest.swift in Sources */ = {isa = PBXBuildFile; fileRef = 779B7BD02555D45D009C6835 /* Extension+URLRequest.swift */; };
		779B7BD82555D4BE009C6835 /* CalendarEndpoint.swift in Sources */ = {isa = PBXBuildFile; fileRef = 779B7BD72555D4BE009C6835 /* CalendarEndpoint.swift */; };
		779D729A25684F030090E948 /* CalendarCDM.xcdatamodeld in Sources */ = {isa = PBXBuildFile; fileRef = 779D729825684F030090E948 /* CalendarCDM.xcdatamodeld */; };
		779D729D25684F390090E948 /* CoreDataManager.swift in Sources */ = {isa = PBXBuildFile; fileRef = 779D729C25684F390090E948 /* CoreDataManager.swift */; };
		77A44BAD2573FEDD00362830 /* Assets.xcassets in Resources */ = {isa = PBXBuildFile; fileRef = 7767E72A2555541800870197 /* Assets.xcassets */; };
		77A44BB725740F5600362830 /* DayInfoProvider.swift in Sources */ = {isa = PBXBuildFile; fileRef = 77A44BB625740F5600362830 /* DayInfoProvider.swift */; };
		77A44BBB25740F8E00362830 /* DayInfoLoader.swift in Sources */ = {isa = PBXBuildFile; fileRef = 77A44BBA25740F8E00362830 /* DayInfoLoader.swift */; };
		77A44BBF25740FB700362830 /* DayInfo.swift in Sources */ = {isa = PBXBuildFile; fileRef = 77A44BBE25740FB700362830 /* DayInfo.swift */; };
		77A44BC325740FF200362830 /* DayInfoEntry.swift in Sources */ = {isa = PBXBuildFile; fileRef = 77A44BC225740FF200362830 /* DayInfoEntry.swift */; };
		77A44BC72574104A00362830 /* Ichthys_Calendar_WidgetEntryView.swift in Sources */ = {isa = PBXBuildFile; fileRef = 77A44BC62574104A00362830 /* Ichthys_Calendar_WidgetEntryView.swift */; };
		77AC6A15256ACC33004BAEE9 /* PrayerCDM+CoreDataClass.swift in Sources */ = {isa = PBXBuildFile; fileRef = 77AC6A0F256ACC33004BAEE9 /* PrayerCDM+CoreDataClass.swift */; };
		77AC6A16256ACC33004BAEE9 /* PrayerCDM+CoreDataProperties.swift in Sources */ = {isa = PBXBuildFile; fileRef = 77AC6A10256ACC33004BAEE9 /* PrayerCDM+CoreDataProperties.swift */; };
		77AC6A19256ACC33004BAEE9 /* CanonCDM+CoreDataClass.swift in Sources */ = {isa = PBXBuildFile; fileRef = 77AC6A13256ACC33004BAEE9 /* CanonCDM+CoreDataClass.swift */; };
		77AC6A1A256ACC33004BAEE9 /* CanonCDM+CoreDataProperties.swift in Sources */ = {isa = PBXBuildFile; fileRef = 77AC6A14256ACC33004BAEE9 /* CanonCDM+CoreDataProperties.swift */; };
		77B5A4A72563E3BC00AEE081 /* Extension+Date.swift in Sources */ = {isa = PBXBuildFile; fileRef = 77B5A4A62563E3BC00AEE081 /* Extension+Date.swift */; };
		77CEBE8F255DC2E30018B632 /* Canon.swift in Sources */ = {isa = PBXBuildFile; fileRef = 77CEBE8E255DC2E30018B632 /* Canon.swift */; };
		77CEBE92255DC2FF0018B632 /* Prayer.swift in Sources */ = {isa = PBXBuildFile; fileRef = 77CEBE91255DC2FF0018B632 /* Prayer.swift */; };
		77D0018C256FCCE50087CBA0 /* HolidayViewViewModel.swift in Sources */ = {isa = PBXBuildFile; fileRef = 77D0018B256FCCE50087CBA0 /* HolidayViewViewModel.swift */; };
		77D00190257034430087CBA0 /* HolidayIcon.swift in Sources */ = {isa = PBXBuildFile; fileRef = 77D0018F257034430087CBA0 /* HolidayIcon.swift */; };
		77D00195257039560087CBA0 /* HolidayItem.swift in Sources */ = {isa = PBXBuildFile; fileRef = 77D00194257039560087CBA0 /* HolidayItem.swift */; };
		77D0023F25727EAC0087CBA0 /* WidgetKit.framework in Frameworks */ = {isa = PBXBuildFile; fileRef = 77D0023E25727EAC0087CBA0 /* WidgetKit.framework */; };
		77D0024125727EAC0087CBA0 /* SwiftUI.framework in Frameworks */ = {isa = PBXBuildFile; fileRef = 77D0024025727EAC0087CBA0 /* SwiftUI.framework */; };
		77D0024425727EAC0087CBA0 /* Ichthys_Calendar_Widget.swift in Sources */ = {isa = PBXBuildFile; fileRef = 77D0024325727EAC0087CBA0 /* Ichthys_Calendar_Widget.swift */; };
		77D0024625727EAC0087CBA0 /* Assets.xcassets in Resources */ = {isa = PBXBuildFile; fileRef = 77D0024525727EAC0087CBA0 /* Assets.xcassets */; };
		77D0024A25727EAC0087CBA0 /* Ichthys Calendar WidgetExtension.appex in Embed App Extensions */ = {isa = PBXBuildFile; fileRef = 77D0023C25727EAC0087CBA0 /* Ichthys Calendar WidgetExtension.appex */; settings = {ATTRIBUTES = (RemoveHeadersOnCopy, ); }; };
		77D201F62572B41F0053532F /* Extension+String.swift in Sources */ = {isa = PBXBuildFile; fileRef = 77FC05AB2559637B001AE985 /* Extension+String.swift */; };
		77D201F92572B4250053532F /* Extension+Data.swift in Sources */ = {isa = PBXBuildFile; fileRef = 77FC05AE2559638A001AE985 /* Extension+Data.swift */; };
		77D201FC2572B42A0053532F /* Extension+Date.swift in Sources */ = {isa = PBXBuildFile; fileRef = 77B5A4A62563E3BC00AEE081 /* Extension+Date.swift */; };
		77D201FF2572B42E0053532F /* Extension+DateFormatter.swift in Sources */ = {isa = PBXBuildFile; fileRef = 773B3512256431A500B0BFE1 /* Extension+DateFormatter.swift */; };
		77D202022572B4550053532F /* APIError.swift in Sources */ = {isa = PBXBuildFile; fileRef = 77F06FF125566FA800BFDD3A /* APIError.swift */; };
		77D202032572B4550053532F /* SaintService.swift in Sources */ = {isa = PBXBuildFile; fileRef = 7774ACC2255C125000FE1252 /* SaintService.swift */; };
		77D202042572B4550053532F /* APISession.swift in Sources */ = {isa = PBXBuildFile; fileRef = 77F06FF42556703C00BFDD3A /* APISession.swift */; };
		77D202052572B4550053532F /* CalendarDayService.swift in Sources */ = {isa = PBXBuildFile; fileRef = 77F06FF92556A69F00BFDD3A /* CalendarDayService.swift */; };
		77D202062572B4550053532F /* RequestBuilder.swift in Sources */ = {isa = PBXBuildFile; fileRef = 77F06FEE25566F8700BFDD3A /* RequestBuilder.swift */; };
		77D202072572B4550053532F /* APIService.swift in Sources */ = {isa = PBXBuildFile; fileRef = 77F06FEA25566E9C00BFDD3A /* APIService.swift */; };
		77D202082572B4550053532F /* CalendarEndpoint.swift in Sources */ = {isa = PBXBuildFile; fileRef = 779B7BD72555D4BE009C6835 /* CalendarEndpoint.swift */; };
		77D202092572B4550053532F /* Extension+URLRequest.swift in Sources */ = {isa = PBXBuildFile; fileRef = 779B7BD02555D45D009C6835 /* Extension+URLRequest.swift */; };
		77D2020C2572B82C0053532F /* Saint.swift in Sources */ = {isa = PBXBuildFile; fileRef = 779B7BBB2555CBFE009C6835 /* Saint.swift */; };
		77D2020F2572B8360053532F /* DayData.swift in Sources */ = {isa = PBXBuildFile; fileRef = 7788CB3625557231000D70D8 /* DayData.swift */; };
		77D202122572B83E0053532F /* Holiday.swift in Sources */ = {isa = PBXBuildFile; fileRef = 779B7BB32555CBD1009C6835 /* Holiday.swift */; };
		77D202152572B84E0053532F /* Fasting.swift in Sources */ = {isa = PBXBuildFile; fileRef = 77662663255932CD0009B6FA /* Fasting.swift */; };
		77D202182572B8920053532F /* HolidayImg.swift in Sources */ = {isa = PBXBuildFile; fileRef = 779B7BB62555CBE4009C6835 /* HolidayImg.swift */; };
		77D2021B2572B89C0053532F /* SaintImg.swift in Sources */ = {isa = PBXBuildFile; fileRef = 779B7BBE2555CC16009C6835 /* SaintImg.swift */; };
		77D2021E2572B8A30053532F /* Prayer.swift in Sources */ = {isa = PBXBuildFile; fileRef = 77CEBE91255DC2FF0018B632 /* Prayer.swift */; };
		77D202212572B8A60053532F /* Canon.swift in Sources */ = {isa = PBXBuildFile; fileRef = 77CEBE8E255DC2E30018B632 /* Canon.swift */; };
		77F06FEB25566E9C00BFDD3A /* APIService.swift in Sources */ = {isa = PBXBuildFile; fileRef = 77F06FEA25566E9C00BFDD3A /* APIService.swift */; };
		77F06FEF25566F8700BFDD3A /* RequestBuilder.swift in Sources */ = {isa = PBXBuildFile; fileRef = 77F06FEE25566F8700BFDD3A /* RequestBuilder.swift */; };
		77F06FF225566FA800BFDD3A /* APIError.swift in Sources */ = {isa = PBXBuildFile; fileRef = 77F06FF125566FA800BFDD3A /* APIError.swift */; };
		77F06FF52556703C00BFDD3A /* APISession.swift in Sources */ = {isa = PBXBuildFile; fileRef = 77F06FF42556703C00BFDD3A /* APISession.swift */; };
		77F06FFA2556A69F00BFDD3A /* CalendarDayService.swift in Sources */ = {isa = PBXBuildFile; fileRef = 77F06FF92556A69F00BFDD3A /* CalendarDayService.swift */; };
		77F06FFD2556A8B500BFDD3A /* DayViewModel.swift in Sources */ = {isa = PBXBuildFile; fileRef = 77F06FFC2556A8B500BFDD3A /* DayViewModel.swift */; };
		77F070012556F28900BFDD3A /* DayIconImages.swift in Sources */ = {isa = PBXBuildFile; fileRef = 77F070002556F28900BFDD3A /* DayIconImages.swift */; };
		77F0700B25570A9500BFDD3A /* ImageLoader.swift in Sources */ = {isa = PBXBuildFile; fileRef = 77F0700A25570A9500BFDD3A /* ImageLoader.swift */; };
		77F0701125570B2500BFDD3A /* AsyncImage.swift in Sources */ = {isa = PBXBuildFile; fileRef = 77F0701025570B2500BFDD3A /* AsyncImage.swift */; };
		77F070142557234B00BFDD3A /* ImageCache.swift in Sources */ = {isa = PBXBuildFile; fileRef = 77F070132557234B00BFDD3A /* ImageCache.swift */; };
		77F070172557260300BFDD3A /* TemporaryImageCache.swift in Sources */ = {isa = PBXBuildFile; fileRef = 77F070162557260300BFDD3A /* TemporaryImageCache.swift */; };
		77F0701A25572C0300BFDD3A /* ImageCacheKey.swift in Sources */ = {isa = PBXBuildFile; fileRef = 77F0701925572C0300BFDD3A /* ImageCacheKey.swift */; };
		77F50300256D09A500CEB92D /* DayIconImageSaved.swift in Sources */ = {isa = PBXBuildFile; fileRef = 77F502FF256D09A500CEB92D /* DayIconImageSaved.swift */; };
		77F94F322566BC020015DA7A /* SaintRow.swift in Sources */ = {isa = PBXBuildFile; fileRef = 77F94F312566BC020015DA7A /* SaintRow.swift */; };
		77FC05AC2559637B001AE985 /* Extension+String.swift in Sources */ = {isa = PBXBuildFile; fileRef = 77FC05AB2559637B001AE985 /* Extension+String.swift */; };
		77FC05AF2559638A001AE985 /* Extension+Data.swift in Sources */ = {isa = PBXBuildFile; fileRef = 77FC05AE2559638A001AE985 /* Extension+Data.swift */; };
		77FD40B8256ADBB80034F8EE /* DetailSavedSaintViewModel.swift in Sources */ = {isa = PBXBuildFile; fileRef = 77FD40B7256ADBB80034F8EE /* DetailSavedSaintViewModel.swift */; };
		77FD6ABC256EBC8B00571D36 /* BasicNeumorphicShadow.swift in Sources */ = {isa = PBXBuildFile; fileRef = 77FD6ABB256EBC8B00571D36 /* BasicNeumorphicShadow.swift */; };
/* End PBXBuildFile section */

/* Begin PBXContainerItemProxy section */
		77D0024825727EAC0087CBA0 /* PBXContainerItemProxy */ = {
			isa = PBXContainerItemProxy;
			containerPortal = 7767E71B2555541600870197 /* Project object */;
			proxyType = 1;
			remoteGlobalIDString = 77D0023B25727EAC0087CBA0;
			remoteInfo = "Ichthys Calendar WidgetExtension";
		};
/* End PBXContainerItemProxy section */

/* Begin PBXCopyFilesBuildPhase section */
		77D0024B25727EAC0087CBA0 /* Embed App Extensions */ = {
			isa = PBXCopyFilesBuildPhase;
			buildActionMask = 2147483647;
			dstPath = "";
			dstSubfolderSpec = 13;
			files = (
				77D0024A25727EAC0087CBA0 /* Ichthys Calendar WidgetExtension.appex in Embed App Extensions */,
			);
			name = "Embed App Extensions";
			runOnlyForDeploymentPostprocessing = 0;
		};
/* End PBXCopyFilesBuildPhase section */

/* Begin PBXFileReference section */
		770E1B42256ADDE700D3ABA9 /* DetailSavedSaint.swift */ = {isa = PBXFileReference; lastKnownFileType = sourcecode.swift; path = DetailSavedSaint.swift; sourceTree = "<group>"; };
		77136B6E256EB9D1003AEAEA /* CurrentDayInfoViewModel.swift */ = {isa = PBXFileReference; lastKnownFileType = sourcecode.swift; path = CurrentDayInfoViewModel.swift; sourceTree = "<group>"; };
		7717BAA6255D426F002AD3A6 /* WelcomeView.swift */ = {isa = PBXFileReference; lastKnownFileType = sourcecode.swift; path = WelcomeView.swift; sourceTree = "<group>"; };
		7723BE382569064100A02847 /* SavedSaintViewModel.swift */ = {isa = PBXFileReference; lastKnownFileType = sourcecode.swift; path = SavedSaintViewModel.swift; sourceTree = "<group>"; };
		7735CF2525658EB00048BD9D /* WaveShape.swift */ = {isa = PBXFileReference; lastKnownFileType = sourcecode.swift; path = WaveShape.swift; sourceTree = "<group>"; };
		7736262B256BC77F00E80CA0 /* ImageCDM+CoreDataClass.swift */ = {isa = PBXFileReference; lastKnownFileType = sourcecode.swift; path = "ImageCDM+CoreDataClass.swift"; sourceTree = "<group>"; };
		7736262C256BC77F00E80CA0 /* ImageCDM+CoreDataProperties.swift */ = {isa = PBXFileReference; lastKnownFileType = sourcecode.swift; path = "ImageCDM+CoreDataProperties.swift"; sourceTree = "<group>"; };
		773B3512256431A500B0BFE1 /* Extension+DateFormatter.swift */ = {isa = PBXFileReference; lastKnownFileType = sourcecode.swift; path = "Extension+DateFormatter.swift"; sourceTree = "<group>"; };
		773B351525650EFC00B0BFE1 /* HolidayView.swift */ = {isa = PBXFileReference; lastKnownFileType = sourcecode.swift; path = HolidayView.swift; sourceTree = "<group>"; };
		774F898B256BFD2A00A84663 /* SaintCDM+CoreDataClass.swift */ = {isa = PBXFileReference; lastKnownFileType = sourcecode.swift; path = "SaintCDM+CoreDataClass.swift"; sourceTree = "<group>"; };
		774F898C256BFD2A00A84663 /* SaintCDM+CoreDataProperties.swift */ = {isa = PBXFileReference; lastKnownFileType = sourcecode.swift; path = "SaintCDM+CoreDataProperties.swift"; sourceTree = "<group>"; };
		775272C925752D9F00FE8FFF /* StoreReviewHelper.swift */ = {isa = PBXFileReference; lastKnownFileType = sourcecode.swift; path = StoreReviewHelper.swift; sourceTree = "<group>"; };
		775272CD25752FCC00FE8FFF /* Extension+UIApplication.swift */ = {isa = PBXFileReference; lastKnownFileType = sourcecode.swift; path = "Extension+UIApplication.swift"; sourceTree = "<group>"; };
		775272D125753A9D00FE8FFF /* MailView.swift */ = {isa = PBXFileReference; lastKnownFileType = sourcecode.swift; path = MailView.swift; sourceTree = "<group>"; };
		77662663255932CD0009B6FA /* Fasting.swift */ = {isa = PBXFileReference; lastKnownFileType = sourcecode.swift; path = Fasting.swift; sourceTree = "<group>"; };
		7766266E25595ADF0009B6FA /* DetailSaintViewModel.swift */ = {isa = PBXFileReference; lastKnownFileType = sourcecode.swift; path = DetailSaintViewModel.swift; sourceTree = "<group>"; };
		7766267125595B700009B6FA /* DetailSaintView.swift */ = {isa = PBXFileReference; lastKnownFileType = sourcecode.swift; path = DetailSaintView.swift; sourceTree = "<group>"; };
		7767E7232555541600870197 /* Ichthys Calendar.app */ = {isa = PBXFileReference; explicitFileType = wrapper.application; includeInIndex = 0; path = "Ichthys Calendar.app"; sourceTree = BUILT_PRODUCTS_DIR; };
		7767E7262555541600870197 /* Ichthys_CalendarApp.swift */ = {isa = PBXFileReference; lastKnownFileType = sourcecode.swift; path = Ichthys_CalendarApp.swift; sourceTree = "<group>"; };
		7767E7282555541600870197 /* CalendarView.swift */ = {isa = PBXFileReference; lastKnownFileType = sourcecode.swift; path = CalendarView.swift; sourceTree = "<group>"; };
		7767E72A2555541800870197 /* Assets.xcassets */ = {isa = PBXFileReference; lastKnownFileType = folder.assetcatalog; path = Assets.xcassets; sourceTree = "<group>"; };
		7767E72D2555541800870197 /* Preview Assets.xcassets */ = {isa = PBXFileReference; lastKnownFileType = folder.assetcatalog; path = "Preview Assets.xcassets"; sourceTree = "<group>"; };
		7767E72F2555541800870197 /* Info.plist */ = {isa = PBXFileReference; lastKnownFileType = text.plist.xml; path = Info.plist; sourceTree = "<group>"; };
		776B81B32566BD300073C47E /* Constant.swift */ = {isa = PBXFileReference; lastKnownFileType = sourcecode.swift; path = Constant.swift; sourceTree = "<group>"; };
		776B81BA256705D60073C47E /* SavedSaintList.swift */ = {isa = PBXFileReference; lastKnownFileType = sourcecode.swift; path = SavedSaintList.swift; sourceTree = "<group>"; };
		776B81BD256705DF0073C47E /* About.swift */ = {isa = PBXFileReference; lastKnownFileType = sourcecode.swift; path = About.swift; sourceTree = "<group>"; };
		7774ACC2255C125000FE1252 /* SaintService.swift */ = {isa = PBXFileReference; lastKnownFileType = sourcecode.swift; path = SaintService.swift; sourceTree = "<group>"; };
		7774ACC5255C421100FE1252 /* MainImagePlaceholder.swift */ = {isa = PBXFileReference; lastKnownFileType = sourcecode.swift; path = MainImagePlaceholder.swift; sourceTree = "<group>"; };
		7774ACC8255C56B100FE1252 /* BigIconImage.swift */ = {isa = PBXFileReference; lastKnownFileType = sourcecode.swift; path = BigIconImage.swift; sourceTree = "<group>"; };
		7774ACCC255C657E00FE1252 /* BigIconImagePlaceholder.swift */ = {isa = PBXFileReference; lastKnownFileType = sourcecode.swift; path = BigIconImagePlaceholder.swift; sourceTree = "<group>"; };
		77797961257797590090AE50 /* en */ = {isa = PBXFileReference; lastKnownFileType = text.plist.strings; name = en; path = en.lproj/Localizable.strings; sourceTree = "<group>"; };
		777979632577977A0090AE50 /* fr */ = {isa = PBXFileReference; lastKnownFileType = text.plist.strings; name = fr; path = fr.lproj/Localizable.strings; sourceTree = "<group>"; };
		777979642577977C0090AE50 /* de */ = {isa = PBXFileReference; lastKnownFileType = text.plist.strings; name = de; path = de.lproj/Localizable.strings; sourceTree = "<group>"; };
		777979652577977D0090AE50 /* el */ = {isa = PBXFileReference; lastKnownFileType = text.plist.strings; name = el; path = el.lproj/Localizable.strings; sourceTree = "<group>"; };
		777979662577977D0090AE50 /* ko */ = {isa = PBXFileReference; lastKnownFileType = text.plist.strings; name = ko; path = ko.lproj/Localizable.strings; sourceTree = "<group>"; };
		777979672577977E0090AE50 /* pl */ = {isa = PBXFileReference; lastKnownFileType = text.plist.strings; name = pl; path = pl.lproj/Localizable.strings; sourceTree = "<group>"; };
		777979682577977F0090AE50 /* ro */ = {isa = PBXFileReference; lastKnownFileType = text.plist.strings; name = ro; path = ro.lproj/Localizable.strings; sourceTree = "<group>"; };
		777979692577977F0090AE50 /* ru */ = {isa = PBXFileReference; lastKnownFileType = text.plist.strings; name = ru; path = ru.lproj/Localizable.strings; sourceTree = "<group>"; };
		7779796A257797800090AE50 /* es */ = {isa = PBXFileReference; lastKnownFileType = text.plist.strings; name = es; path = es.lproj/Localizable.strings; sourceTree = "<group>"; };
		7779796B257797810090AE50 /* uk */ = {isa = PBXFileReference; lastKnownFileType = text.plist.strings; name = uk; path = uk.lproj/Localizable.strings; sourceTree = "<group>"; };
		777EF1442575A35200E4016E /* SimpleButtonStyle.swift */ = {isa = PBXFileReference; lastKnownFileType = sourcecode.swift; name = SimpleButtonStyle.swift; path = "Ichthys Calendar/View/SimpleButtonStyle.swift"; sourceTree = SOURCE_ROOT; };
		777EF14A2575A69100E4016E /* Extension+LinearGradient.swift */ = {isa = PBXFileReference; lastKnownFileType = sourcecode.swift; path = "Extension+LinearGradient.swift"; sourceTree = "<group>"; };
		777EF14E2575A71200E4016E /* Extension+Color.swift */ = {isa = PBXFileReference; lastKnownFileType = sourcecode.swift; path = "Extension+Color.swift"; sourceTree = "<group>"; };
		7785672C256D8DF30024EDC1 /* CurrentDayInfoView.swift */ = {isa = PBXFileReference; lastKnownFileType = sourcecode.swift; path = CurrentDayInfoView.swift; sourceTree = "<group>"; };
		7788CB3625557231000D70D8 /* DayData.swift */ = {isa = PBXFileReference; lastKnownFileType = sourcecode.swift; path = DayData.swift; sourceTree = "<group>"; };
		779724A82569119D008C03D5 /* PersistenceManager.swift */ = {isa = PBXFileReference; lastKnownFileType = sourcecode.swift; path = PersistenceManager.swift; sourceTree = "<group>"; };
		779724AC2569133C008C03D5 /* Extension+NSManagedObjectContext.swift */ = {isa = PBXFileReference; lastKnownFileType = sourcecode.swift; path = "Extension+NSManagedObjectContext.swift"; sourceTree = "<group>"; };
		779A2536256D0F4600440E45 /* BigIconImageSaved.swift */ = {isa = PBXFileReference; lastKnownFileType = sourcecode.swift; path = BigIconImageSaved.swift; sourceTree = "<group>"; };
		779B7BB32555CBD1009C6835 /* Holiday.swift */ = {isa = PBXFileReference; lastKnownFileType = sourcecode.swift; path = Holiday.swift; sourceTree = "<group>"; };
		779B7BB62555CBE4009C6835 /* HolidayImg.swift */ = {isa = PBXFileReference; lastKnownFileType = sourcecode.swift; path = HolidayImg.swift; sourceTree = "<group>"; };
		779B7BBB2555CBFE009C6835 /* Saint.swift */ = {isa = PBXFileReference; lastKnownFileType = sourcecode.swift; path = Saint.swift; sourceTree = "<group>"; };
		779B7BBE2555CC16009C6835 /* SaintImg.swift */ = {isa = PBXFileReference; lastKnownFileType = sourcecode.swift; path = SaintImg.swift; sourceTree = "<group>"; };
		779B7BD02555D45D009C6835 /* Extension+URLRequest.swift */ = {isa = PBXFileReference; lastKnownFileType = sourcecode.swift; path = "Extension+URLRequest.swift"; sourceTree = "<group>"; };
		779B7BD72555D4BE009C6835 /* CalendarEndpoint.swift */ = {isa = PBXFileReference; lastKnownFileType = sourcecode.swift; path = CalendarEndpoint.swift; sourceTree = "<group>"; };
		779D729925684F030090E948 /* CalendarCDM.xcdatamodel */ = {isa = PBXFileReference; lastKnownFileType = wrapper.xcdatamodel; path = CalendarCDM.xcdatamodel; sourceTree = "<group>"; };
		779D729C25684F390090E948 /* CoreDataManager.swift */ = {isa = PBXFileReference; fileEncoding = 4; lastKnownFileType = sourcecode.swift; path = CoreDataManager.swift; sourceTree = "<group>"; };
		77A44BB625740F5600362830 /* DayInfoProvider.swift */ = {isa = PBXFileReference; lastKnownFileType = sourcecode.swift; path = DayInfoProvider.swift; sourceTree = "<group>"; };
		77A44BBA25740F8E00362830 /* DayInfoLoader.swift */ = {isa = PBXFileReference; lastKnownFileType = sourcecode.swift; path = DayInfoLoader.swift; sourceTree = "<group>"; };
		77A44BBE25740FB700362830 /* DayInfo.swift */ = {isa = PBXFileReference; lastKnownFileType = sourcecode.swift; path = DayInfo.swift; sourceTree = "<group>"; };
		77A44BC225740FF200362830 /* DayInfoEntry.swift */ = {isa = PBXFileReference; lastKnownFileType = sourcecode.swift; path = DayInfoEntry.swift; sourceTree = "<group>"; };
		77A44BC62574104A00362830 /* Ichthys_Calendar_WidgetEntryView.swift */ = {isa = PBXFileReference; lastKnownFileType = sourcecode.swift; path = Ichthys_Calendar_WidgetEntryView.swift; sourceTree = "<group>"; };
		77AC6A0F256ACC33004BAEE9 /* PrayerCDM+CoreDataClass.swift */ = {isa = PBXFileReference; lastKnownFileType = sourcecode.swift; path = "PrayerCDM+CoreDataClass.swift"; sourceTree = "<group>"; };
		77AC6A10256ACC33004BAEE9 /* PrayerCDM+CoreDataProperties.swift */ = {isa = PBXFileReference; lastKnownFileType = sourcecode.swift; path = "PrayerCDM+CoreDataProperties.swift"; sourceTree = "<group>"; };
		77AC6A13256ACC33004BAEE9 /* CanonCDM+CoreDataClass.swift */ = {isa = PBXFileReference; lastKnownFileType = sourcecode.swift; path = "CanonCDM+CoreDataClass.swift"; sourceTree = "<group>"; };
		77AC6A14256ACC33004BAEE9 /* CanonCDM+CoreDataProperties.swift */ = {isa = PBXFileReference; lastKnownFileType = sourcecode.swift; path = "CanonCDM+CoreDataProperties.swift"; sourceTree = "<group>"; };
		77B5A4A62563E3BC00AEE081 /* Extension+Date.swift */ = {isa = PBXFileReference; lastKnownFileType = sourcecode.swift; path = "Extension+Date.swift"; sourceTree = "<group>"; };
		77CEBE8E255DC2E30018B632 /* Canon.swift */ = {isa = PBXFileReference; lastKnownFileType = sourcecode.swift; path = Canon.swift; sourceTree = "<group>"; };
		77CEBE91255DC2FF0018B632 /* Prayer.swift */ = {isa = PBXFileReference; lastKnownFileType = sourcecode.swift; path = Prayer.swift; sourceTree = "<group>"; };
		77D0018B256FCCE50087CBA0 /* HolidayViewViewModel.swift */ = {isa = PBXFileReference; lastKnownFileType = sourcecode.swift; path = HolidayViewViewModel.swift; sourceTree = "<group>"; };
		77D0018F257034430087CBA0 /* HolidayIcon.swift */ = {isa = PBXFileReference; lastKnownFileType = sourcecode.swift; path = HolidayIcon.swift; sourceTree = "<group>"; };
		77D00194257039560087CBA0 /* HolidayItem.swift */ = {isa = PBXFileReference; lastKnownFileType = sourcecode.swift; path = HolidayItem.swift; sourceTree = "<group>"; };
		77D0023C25727EAC0087CBA0 /* Ichthys Calendar WidgetExtension.appex */ = {isa = PBXFileReference; explicitFileType = "wrapper.app-extension"; includeInIndex = 0; path = "Ichthys Calendar WidgetExtension.appex"; sourceTree = BUILT_PRODUCTS_DIR; };
		77D0023E25727EAC0087CBA0 /* WidgetKit.framework */ = {isa = PBXFileReference; lastKnownFileType = wrapper.framework; name = WidgetKit.framework; path = System/Library/Frameworks/WidgetKit.framework; sourceTree = SDKROOT; };
		77D0024025727EAC0087CBA0 /* SwiftUI.framework */ = {isa = PBXFileReference; lastKnownFileType = wrapper.framework; name = SwiftUI.framework; path = System/Library/Frameworks/SwiftUI.framework; sourceTree = SDKROOT; };
		77D0024325727EAC0087CBA0 /* Ichthys_Calendar_Widget.swift */ = {isa = PBXFileReference; lastKnownFileType = sourcecode.swift; path = Ichthys_Calendar_Widget.swift; sourceTree = "<group>"; };
		77D0024525727EAC0087CBA0 /* Assets.xcassets */ = {isa = PBXFileReference; lastKnownFileType = folder.assetcatalog; path = Assets.xcassets; sourceTree = "<group>"; };
		77D0024725727EAC0087CBA0 /* Info.plist */ = {isa = PBXFileReference; lastKnownFileType = text.plist.xml; path = Info.plist; sourceTree = "<group>"; };
		77F06FEA25566E9C00BFDD3A /* APIService.swift */ = {isa = PBXFileReference; lastKnownFileType = sourcecode.swift; path = APIService.swift; sourceTree = "<group>"; };
		77F06FEE25566F8700BFDD3A /* RequestBuilder.swift */ = {isa = PBXFileReference; lastKnownFileType = sourcecode.swift; path = RequestBuilder.swift; sourceTree = "<group>"; };
		77F06FF125566FA800BFDD3A /* APIError.swift */ = {isa = PBXFileReference; lastKnownFileType = sourcecode.swift; path = APIError.swift; sourceTree = "<group>"; };
		77F06FF42556703C00BFDD3A /* APISession.swift */ = {isa = PBXFileReference; lastKnownFileType = sourcecode.swift; path = APISession.swift; sourceTree = "<group>"; };
		77F06FF92556A69F00BFDD3A /* CalendarDayService.swift */ = {isa = PBXFileReference; lastKnownFileType = sourcecode.swift; path = CalendarDayService.swift; sourceTree = "<group>"; };
		77F06FFC2556A8B500BFDD3A /* DayViewModel.swift */ = {isa = PBXFileReference; lastKnownFileType = sourcecode.swift; path = DayViewModel.swift; sourceTree = "<group>"; };
		77F070002556F28900BFDD3A /* DayIconImages.swift */ = {isa = PBXFileReference; lastKnownFileType = sourcecode.swift; path = DayIconImages.swift; sourceTree = "<group>"; };
		77F0700A25570A9500BFDD3A /* ImageLoader.swift */ = {isa = PBXFileReference; lastKnownFileType = sourcecode.swift; path = ImageLoader.swift; sourceTree = "<group>"; };
		77F0701025570B2500BFDD3A /* AsyncImage.swift */ = {isa = PBXFileReference; lastKnownFileType = sourcecode.swift; path = AsyncImage.swift; sourceTree = "<group>"; };
		77F070132557234B00BFDD3A /* ImageCache.swift */ = {isa = PBXFileReference; lastKnownFileType = sourcecode.swift; path = ImageCache.swift; sourceTree = "<group>"; };
		77F070162557260300BFDD3A /* TemporaryImageCache.swift */ = {isa = PBXFileReference; lastKnownFileType = sourcecode.swift; path = TemporaryImageCache.swift; sourceTree = "<group>"; };
		77F0701925572C0300BFDD3A /* ImageCacheKey.swift */ = {isa = PBXFileReference; lastKnownFileType = sourcecode.swift; path = ImageCacheKey.swift; sourceTree = "<group>"; };
		77F502FF256D09A500CEB92D /* DayIconImageSaved.swift */ = {isa = PBXFileReference; lastKnownFileType = sourcecode.swift; path = DayIconImageSaved.swift; sourceTree = "<group>"; };
		77F94F312566BC020015DA7A /* SaintRow.swift */ = {isa = PBXFileReference; lastKnownFileType = sourcecode.swift; path = SaintRow.swift; sourceTree = "<group>"; };
		77FC05AB2559637B001AE985 /* Extension+String.swift */ = {isa = PBXFileReference; lastKnownFileType = sourcecode.swift; path = "Extension+String.swift"; sourceTree = "<group>"; };
		77FC05AE2559638A001AE985 /* Extension+Data.swift */ = {isa = PBXFileReference; lastKnownFileType = sourcecode.swift; path = "Extension+Data.swift"; sourceTree = "<group>"; };
		77FD40B7256ADBB80034F8EE /* DetailSavedSaintViewModel.swift */ = {isa = PBXFileReference; lastKnownFileType = sourcecode.swift; path = DetailSavedSaintViewModel.swift; sourceTree = "<group>"; };
		77FD6ABB256EBC8B00571D36 /* BasicNeumorphicShadow.swift */ = {isa = PBXFileReference; lastKnownFileType = sourcecode.swift; path = BasicNeumorphicShadow.swift; sourceTree = "<group>"; };
/* End PBXFileReference section */

/* Begin PBXFrameworksBuildPhase section */
		7767E7202555541600870197 /* Frameworks */ = {
			isa = PBXFrameworksBuildPhase;
			buildActionMask = 2147483647;
			files = (
			);
			runOnlyForDeploymentPostprocessing = 0;
		};
		77D0023925727EAC0087CBA0 /* Frameworks */ = {
			isa = PBXFrameworksBuildPhase;
			buildActionMask = 2147483647;
			files = (
				77D0024125727EAC0087CBA0 /* SwiftUI.framework in Frameworks */,
				77D0023F25727EAC0087CBA0 /* WidgetKit.framework in Frameworks */,
			);
			runOnlyForDeploymentPostprocessing = 0;
		};
/* End PBXFrameworksBuildPhase section */

/* Begin PBXGroup section */
		770E1B45256ADE1200D3ABA9 /* SavedCDM */ = {
			isa = PBXGroup;
			children = (
				776B81BA256705D60073C47E /* SavedSaintList.swift */,
				770E1B42256ADDE700D3ABA9 /* DetailSavedSaint.swift */,
			);
			path = SavedCDM;
			sourceTree = "<group>";
		};
		770E1B46256ADE2300D3ABA9 /* SavedCDMViewModel */ = {
			isa = PBXGroup;
			children = (
				7723BE382569064100A02847 /* SavedSaintViewModel.swift */,
				77FD40B7256ADBB80034F8EE /* DetailSavedSaintViewModel.swift */,
			);
			path = SavedCDMViewModel;
			sourceTree = "<group>";
		};
		77136B71256EBA34003AEAEA /* SupportingViewModel */ = {
			isa = PBXGroup;
			children = (
				77136B6E256EB9D1003AEAEA /* CurrentDayInfoViewModel.swift */,
				77D0018B256FCCE50087CBA0 /* HolidayViewViewModel.swift */,
			);
			path = SupportingViewModel;
			sourceTree = "<group>";
		};
		7735CF2425658E940048BD9D /* CustomNavigationView */ = {
			isa = PBXGroup;
			children = (
				7735CF2525658EB00048BD9D /* WaveShape.swift */,
			);
			path = CustomNavigationView;
			sourceTree = "<group>";
		};
		774F8993256C268500A84663 /* SaintCDM */ = {
			isa = PBXGroup;
			children = (
				774F898B256BFD2A00A84663 /* SaintCDM+CoreDataClass.swift */,
				774F898C256BFD2A00A84663 /* SaintCDM+CoreDataProperties.swift */,
			);
			path = SaintCDM;
			sourceTree = "<group>";
		};
		774F8995256C274800A84663 /* ImageCDM */ = {
			isa = PBXGroup;
			children = (
				7736262B256BC77F00E80CA0 /* ImageCDM+CoreDataClass.swift */,
				7736262C256BC77F00E80CA0 /* ImageCDM+CoreDataProperties.swift */,
			);
			path = ImageCDM;
			sourceTree = "<group>";
		};
		774F8997256C275C00A84663 /* PrayerCDM */ = {
			isa = PBXGroup;
			children = (
				77AC6A0F256ACC33004BAEE9 /* PrayerCDM+CoreDataClass.swift */,
				77AC6A10256ACC33004BAEE9 /* PrayerCDM+CoreDataProperties.swift */,
			);
			path = PrayerCDM;
			sourceTree = "<group>";
		};
		774F8999256C276500A84663 /* CanonCDM */ = {
			isa = PBXGroup;
			children = (
				77AC6A13256ACC33004BAEE9 /* CanonCDM+CoreDataClass.swift */,
				77AC6A14256ACC33004BAEE9 /* CanonCDM+CoreDataProperties.swift */,
			);
			path = CanonCDM;
			sourceTree = "<group>";
		};
		775272C02574110200FE8FFF /* Model */ = {
			isa = PBXGroup;
			children = (
				77A44BBE25740FB700362830 /* DayInfo.swift */,
				77A44BBA25740F8E00362830 /* DayInfoLoader.swift */,
				77A44BC225740FF200362830 /* DayInfoEntry.swift */,
			);
			path = Model;
			sourceTree = "<group>";
		};
		775272C32574113200FE8FFF /* Resources */ = {
			isa = PBXGroup;
			children = (
				77D0024525727EAC0087CBA0 /* Assets.xcassets */,
			);
			path = Resources;
			sourceTree = "<group>";
		};
		775272C42574113B00FE8FFF /* View */ = {
			isa = PBXGroup;
			children = (
				77A44BC62574104A00362830 /* Ichthys_Calendar_WidgetEntryView.swift */,
			);
			path = View;
			sourceTree = "<group>";
		};
		77662666255932D40009B6FA /* Fasting */ = {
			isa = PBXGroup;
			children = (
				77662663255932CD0009B6FA /* Fasting.swift */,
			);
			path = Fasting;
			sourceTree = "<group>";
		};
		7767E71A2555541600870197 = {
			isa = PBXGroup;
			children = (
				77797962257797590090AE50 /* Localizable.strings */,
				7767E7252555541600870197 /* Ichthys Calendar */,
				77D0024225727EAC0087CBA0 /* Ichthys Calendar Widget */,
				77D0023D25727EAC0087CBA0 /* Frameworks */,
				7767E7242555541600870197 /* Products */,
			);
			sourceTree = "<group>";
		};
		7767E7242555541600870197 /* Products */ = {
			isa = PBXGroup;
			children = (
				7767E7232555541600870197 /* Ichthys Calendar.app */,
				77D0023C25727EAC0087CBA0 /* Ichthys Calendar WidgetExtension.appex */,
			);
			name = Products;
			sourceTree = "<group>";
		};
		7767E7252555541600870197 /* Ichthys Calendar */ = {
			isa = PBXGroup;
			children = (
				7767E738255556F000870197 /* App */,
				779B7BD52555D47A009C6835 /* Utilities */,
				7788CB3925557238000D70D8 /* Model */,
				779B7BCE2555D2B9009C6835 /* ViewModel */,
				7767E739255556F900870197 /* View */,
				7767E737255556BE00870197 /* Resources */,
			);
			path = "Ichthys Calendar";
			sourceTree = "<group>";
		};
		7767E72C2555541800870197 /* Preview Content */ = {
			isa = PBXGroup;
			children = (
				7767E72D2555541800870197 /* Preview Assets.xcassets */,
			);
			path = "Preview Content";
			sourceTree = "<group>";
		};
		7767E737255556BE00870197 /* Resources */ = {
			isa = PBXGroup;
			children = (
				7767E72A2555541800870197 /* Assets.xcassets */,
				7767E72C2555541800870197 /* Preview Content */,
			);
			path = Resources;
			sourceTree = "<group>";
		};
		7767E738255556F000870197 /* App */ = {
			isa = PBXGroup;
			children = (
				7767E7262555541600870197 /* Ichthys_CalendarApp.swift */,
				7767E72F2555541800870197 /* Info.plist */,
			);
			path = App;
			sourceTree = "<group>";
		};
		7767E739255556F900870197 /* View */ = {
			isa = PBXGroup;
			children = (
				7767E7282555541600870197 /* CalendarView.swift */,
				7766267125595B700009B6FA /* DetailSaintView.swift */,
				770E1B45256ADE1200D3ABA9 /* SavedCDM */,
				776B81BD256705DF0073C47E /* About.swift */,
				7783F20925599F1600993068 /* SupportingView */,
			);
			path = View;
			sourceTree = "<group>";
		};
		7783F20925599F1600993068 /* SupportingView */ = {
			isa = PBXGroup;
			children = (
				7717BAA6255D426F002AD3A6 /* WelcomeView.swift */,
				77F94F312566BC020015DA7A /* SaintRow.swift */,
				7785672C256D8DF30024EDC1 /* CurrentDayInfoView.swift */,
				77D00192257035A20087CBA0 /* Holiday */,
				77F50302256D09BE00CEB92D /* DayIconRowImage */,
				779A2533256D0DAF00440E45 /* BigIconImage */,
				7735CF2425658E940048BD9D /* CustomNavigationView */,
				77FD6ABB256EBC8B00571D36 /* BasicNeumorphicShadow.swift */,
				777EF1442575A35200E4016E /* SimpleButtonStyle.swift */,
				775272D125753A9D00FE8FFF /* MailView.swift */,
			);
			path = SupportingView;
			sourceTree = "<group>";
		};
		7788CB3925557238000D70D8 /* Model */ = {
			isa = PBXGroup;
			children = (
				7788CB3625557231000D70D8 /* DayData.swift */,
				77AC6A0825697D64004BAEE9 /* CalendarCoreDataModel */,
				779B7BC12555CC19009C6835 /* Saint */,
				779B7BB92555CBEC009C6835 /* Holiday */,
				77662666255932D40009B6FA /* Fasting */,
			);
			path = Model;
			sourceTree = "<group>";
		};
		779A2533256D0DAF00440E45 /* BigIconImage */ = {
			isa = PBXGroup;
			children = (
				7774ACCC255C657E00FE1252 /* BigIconImagePlaceholder.swift */,
				7774ACC8255C56B100FE1252 /* BigIconImage.swift */,
				779A2536256D0F4600440E45 /* BigIconImageSaved.swift */,
			);
			path = BigIconImage;
			sourceTree = "<group>";
		};
		779B7BB92555CBEC009C6835 /* Holiday */ = {
			isa = PBXGroup;
			children = (
				779B7BB32555CBD1009C6835 /* Holiday.swift */,
				779B7BB62555CBE4009C6835 /* HolidayImg.swift */,
			);
			path = Holiday;
			sourceTree = "<group>";
		};
		779B7BC12555CC19009C6835 /* Saint */ = {
			isa = PBXGroup;
			children = (
				779B7BBB2555CBFE009C6835 /* Saint.swift */,
				77CEBE8E255DC2E30018B632 /* Canon.swift */,
				77CEBE91255DC2FF0018B632 /* Prayer.swift */,
				779B7BBE2555CC16009C6835 /* SaintImg.swift */,
			);
			path = Saint;
			sourceTree = "<group>";
		};
		779B7BCE2555D2B9009C6835 /* ViewModel */ = {
			isa = PBXGroup;
			children = (
				77F06FFC2556A8B500BFDD3A /* DayViewModel.swift */,
				7766266E25595ADF0009B6FA /* DetailSaintViewModel.swift */,
				770E1B46256ADE2300D3ABA9 /* SavedCDMViewModel */,
				77136B71256EBA34003AEAEA /* SupportingViewModel */,
			);
			path = ViewModel;
			sourceTree = "<group>";
		};
		779B7BD52555D47A009C6835 /* Utilities */ = {
			isa = PBXGroup;
			children = (
				77AC69F72569234B004BAEE9 /* CoreData */,
				77F06FED25566F7600BFDD3A /* API */,
				77FC05B1255963C0001AE985 /* Extension */,
				776B81B32566BD300073C47E /* Constant.swift */,
				775272C925752D9F00FE8FFF /* StoreReviewHelper.swift */,
			);
			path = Utilities;
			sourceTree = "<group>";
		};
		77A44BCA2574109A00362830 /* WidgetCore */ = {
			isa = PBXGroup;
			children = (
				77A44BB625740F5600362830 /* DayInfoProvider.swift */,
				77D0024725727EAC0087CBA0 /* Info.plist */,
				77D0024325727EAC0087CBA0 /* Ichthys_Calendar_Widget.swift */,
			);
			path = WidgetCore;
			sourceTree = "<group>";
		};
		77AC69F72569234B004BAEE9 /* CoreData */ = {
			isa = PBXGroup;
			children = (
				779724A82569119D008C03D5 /* PersistenceManager.swift */,
				779D729C25684F390090E948 /* CoreDataManager.swift */,
			);
			path = CoreData;
			sourceTree = "<group>";
		};
		77AC6A0825697D64004BAEE9 /* CalendarCoreDataModel */ = {
			isa = PBXGroup;
			children = (
				779D729825684F030090E948 /* CalendarCDM.xcdatamodeld */,
				774F8993256C268500A84663 /* SaintCDM */,
				774F8997256C275C00A84663 /* PrayerCDM */,
				774F8999256C276500A84663 /* CanonCDM */,
				774F8995256C274800A84663 /* ImageCDM */,
			);
			name = CalendarCoreDataModel;
			path = ../..;
			sourceTree = "<group>";
		};
		77D00192257035A20087CBA0 /* Holiday */ = {
			isa = PBXGroup;
			children = (
				773B351525650EFC00B0BFE1 /* HolidayView.swift */,
				77D00194257039560087CBA0 /* HolidayItem.swift */,
				77D0018F257034430087CBA0 /* HolidayIcon.swift */,
			);
			path = Holiday;
			sourceTree = "<group>";
		};
		77D0023D25727EAC0087CBA0 /* Frameworks */ = {
			isa = PBXGroup;
			children = (
				77D0023E25727EAC0087CBA0 /* WidgetKit.framework */,
				77D0024025727EAC0087CBA0 /* SwiftUI.framework */,
			);
			name = Frameworks;
			sourceTree = "<group>";
		};
		77D0024225727EAC0087CBA0 /* Ichthys Calendar Widget */ = {
			isa = PBXGroup;
			children = (
				77A44BCA2574109A00362830 /* WidgetCore */,
				775272C02574110200FE8FFF /* Model */,
				775272C42574113B00FE8FFF /* View */,
				775272C32574113200FE8FFF /* Resources */,
			);
			path = "Ichthys Calendar Widget";
			sourceTree = "<group>";
		};
		77F06FED25566F7600BFDD3A /* API */ = {
			isa = PBXGroup;
			children = (
				77F06FF125566FA800BFDD3A /* APIError.swift */,
				77F06FEA25566E9C00BFDD3A /* APIService.swift */,
				77F06FF42556703C00BFDD3A /* APISession.swift */,
				779B7BD72555D4BE009C6835 /* CalendarEndpoint.swift */,
				77F06FF92556A69F00BFDD3A /* CalendarDayService.swift */,
				7774ACC2255C125000FE1252 /* SaintService.swift */,
				779B7BD02555D45D009C6835 /* Extension+URLRequest.swift */,
				77F06FEE25566F8700BFDD3A /* RequestBuilder.swift */,
				77F0700D25570A9900BFDD3A /* ImageAPI */,
			);
			path = API;
			sourceTree = "<group>";
		};
		77F0700D25570A9900BFDD3A /* ImageAPI */ = {
			isa = PBXGroup;
			children = (
				77F0701025570B2500BFDD3A /* AsyncImage.swift */,
				77F0700A25570A9500BFDD3A /* ImageLoader.swift */,
				77F0701925572C0300BFDD3A /* ImageCacheKey.swift */,
				77F070132557234B00BFDD3A /* ImageCache.swift */,
				77F070162557260300BFDD3A /* TemporaryImageCache.swift */,
			);
			path = ImageAPI;
			sourceTree = "<group>";
		};
		77F50302256D09BE00CEB92D /* DayIconRowImage */ = {
			isa = PBXGroup;
			children = (
				7774ACC5255C421100FE1252 /* MainImagePlaceholder.swift */,
				77F070002556F28900BFDD3A /* DayIconImages.swift */,
				77F502FF256D09A500CEB92D /* DayIconImageSaved.swift */,
			);
			path = DayIconRowImage;
			sourceTree = "<group>";
		};
		77FC05B1255963C0001AE985 /* Extension */ = {
			isa = PBXGroup;
			children = (
				77FC05AB2559637B001AE985 /* Extension+String.swift */,
				775272CD25752FCC00FE8FFF /* Extension+UIApplication.swift */,
				77FC05AE2559638A001AE985 /* Extension+Data.swift */,
				77B5A4A62563E3BC00AEE081 /* Extension+Date.swift */,
				773B3512256431A500B0BFE1 /* Extension+DateFormatter.swift */,
				779724AC2569133C008C03D5 /* Extension+NSManagedObjectContext.swift */,
				777EF14A2575A69100E4016E /* Extension+LinearGradient.swift */,
				777EF14E2575A71200E4016E /* Extension+Color.swift */,
			);
			path = Extension;
			sourceTree = "<group>";
		};
/* End PBXGroup section */

/* Begin PBXNativeTarget section */
		7767E7222555541600870197 /* Ichthys Calendar */ = {
			isa = PBXNativeTarget;
			buildConfigurationList = 7767E7322555541800870197 /* Build configuration list for PBXNativeTarget "Ichthys Calendar" */;
			buildPhases = (
				7767E71F2555541600870197 /* Sources */,
				7767E7202555541600870197 /* Frameworks */,
				7767E7212555541600870197 /* Resources */,
				77D0024B25727EAC0087CBA0 /* Embed App Extensions */,
			);
			buildRules = (
			);
			dependencies = (
				77D0024925727EAC0087CBA0 /* PBXTargetDependency */,
			);
			name = "Ichthys Calendar";
			productName = "Ichthys Calendar";
			productReference = 7767E7232555541600870197 /* Ichthys Calendar.app */;
			productType = "com.apple.product-type.application";
		};
		77D0023B25727EAC0087CBA0 /* Ichthys Calendar WidgetExtension */ = {
			isa = PBXNativeTarget;
			buildConfigurationList = 77D0024E25727EAC0087CBA0 /* Build configuration list for PBXNativeTarget "Ichthys Calendar WidgetExtension" */;
			buildPhases = (
				77D0023825727EAC0087CBA0 /* Sources */,
				77D0023925727EAC0087CBA0 /* Frameworks */,
				77D0023A25727EAC0087CBA0 /* Resources */,
			);
			buildRules = (
			);
			dependencies = (
			);
			name = "Ichthys Calendar WidgetExtension";
			productName = "Ichthys Calendar WidgetExtension";
			productReference = 77D0023C25727EAC0087CBA0 /* Ichthys Calendar WidgetExtension.appex */;
			productType = "com.apple.product-type.app-extension";
		};
/* End PBXNativeTarget section */

/* Begin PBXProject section */
		7767E71B2555541600870197 /* Project object */ = {
			isa = PBXProject;
			attributes = {
				LastSwiftUpdateCheck = 1220;
				LastUpgradeCheck = 1210;
				TargetAttributes = {
					7767E7222555541600870197 = {
						CreatedOnToolsVersion = 12.1;
					};
					77D0023B25727EAC0087CBA0 = {
						CreatedOnToolsVersion = 12.2;
					};
				};
			};
			buildConfigurationList = 7767E71E2555541600870197 /* Build configuration list for PBXProject "Ichthys Calendar" */;
			compatibilityVersion = "Xcode 9.3";
			developmentRegion = en;
			hasScannedForEncodings = 0;
			knownRegions = (
				en,
				Base,
				ru,
				uk,
				pl,
				de,
				fr,
				es,
				ro,
				ko,
				el,
			);
			mainGroup = 7767E71A2555541600870197;
			productRefGroup = 7767E7242555541600870197 /* Products */;
			projectDirPath = "";
			projectRoot = "";
			targets = (
				7767E7222555541600870197 /* Ichthys Calendar */,
				77D0023B25727EAC0087CBA0 /* Ichthys Calendar WidgetExtension */,
			);
		};
/* End PBXProject section */

/* Begin PBXResourcesBuildPhase section */
		7767E7212555541600870197 /* Resources */ = {
			isa = PBXResourcesBuildPhase;
			buildActionMask = 2147483647;
			files = (
				7767E72E2555541800870197 /* Preview Assets.xcassets in Resources */,
				77797960257797590090AE50 /* Localizable.strings in Resources */,
				7767E72B2555541800870197 /* Assets.xcassets in Resources */,
			);
			runOnlyForDeploymentPostprocessing = 0;
		};
		77D0023A25727EAC0087CBA0 /* Resources */ = {
			isa = PBXResourcesBuildPhase;
			buildActionMask = 2147483647;
			files = (
				77A44BAD2573FEDD00362830 /* Assets.xcassets in Resources */,
				772E418A2577B7AC00E11AC4 /* Localizable.strings in Resources */,
				77D0024625727EAC0087CBA0 /* Assets.xcassets in Resources */,
			);
			runOnlyForDeploymentPostprocessing = 0;
		};
/* End PBXResourcesBuildPhase section */

/* Begin PBXSourcesBuildPhase section */
		7767E71F2555541600870197 /* Sources */ = {
			isa = PBXSourcesBuildPhase;
			buildActionMask = 2147483647;
			files = (
				77CEBE92255DC2FF0018B632 /* Prayer.swift in Sources */,
				77F50300256D09A500CEB92D /* DayIconImageSaved.swift in Sources */,
				773B3513256431A500B0BFE1 /* Extension+DateFormatter.swift in Sources */,
				7774ACC6255C421100FE1252 /* MainImagePlaceholder.swift in Sources */,
				77AC6A15256ACC33004BAEE9 /* PrayerCDM+CoreDataClass.swift in Sources */,
				7736262E256BC77F00E80CA0 /* ImageCDM+CoreDataProperties.swift in Sources */,
				779B7BB72555CBE4009C6835 /* HolidayImg.swift in Sources */,
				779B7BB42555CBD1009C6835 /* Holiday.swift in Sources */,
				779B7BBC2555CBFE009C6835 /* Saint.swift in Sources */,
				7785672D256D8DF30024EDC1 /* CurrentDayInfoView.swift in Sources */,
				779B7BD12555D45D009C6835 /* Extension+URLRequest.swift in Sources */,
				7788CB3725557231000D70D8 /* DayData.swift in Sources */,
				7766266F25595ADF0009B6FA /* DetailSaintViewModel.swift in Sources */,
				776B81BB256705D60073C47E /* SavedSaintList.swift in Sources */,
				773B351625650EFC00B0BFE1 /* HolidayView.swift in Sources */,
				779724A92569119D008C03D5 /* PersistenceManager.swift in Sources */,
				77FD40B8256ADBB80034F8EE /* DetailSavedSaintViewModel.swift in Sources */,
				77F06FFA2556A69F00BFDD3A /* CalendarDayService.swift in Sources */,
				77B5A4A72563E3BC00AEE081 /* Extension+Date.swift in Sources */,
				770E1B43256ADDE700D3ABA9 /* DetailSavedSaint.swift in Sources */,
				77136B6F256EB9D1003AEAEA /* CurrentDayInfoViewModel.swift in Sources */,
				77AC6A16256ACC33004BAEE9 /* PrayerCDM+CoreDataProperties.swift in Sources */,
				7736262D256BC77F00E80CA0 /* ImageCDM+CoreDataClass.swift in Sources */,
				77F06FF225566FA800BFDD3A /* APIError.swift in Sources */,
				77D00195257039560087CBA0 /* HolidayItem.swift in Sources */,
				779724AD2569133C008C03D5 /* Extension+NSManagedObjectContext.swift in Sources */,
				779A2537256D0F4600440E45 /* BigIconImageSaved.swift in Sources */,
				774F898D256BFD2A00A84663 /* SaintCDM+CoreDataClass.swift in Sources */,
				779D729A25684F030090E948 /* CalendarCDM.xcdatamodeld in Sources */,
				77F0701A25572C0300BFDD3A /* ImageCacheKey.swift in Sources */,
				77AC6A19256ACC33004BAEE9 /* CanonCDM+CoreDataClass.swift in Sources */,
				7723BE392569064100A02847 /* SavedSaintViewModel.swift in Sources */,
				779B7BBF2555CC16009C6835 /* SaintImg.swift in Sources */,
				77FC05AC2559637B001AE985 /* Extension+String.swift in Sources */,
				77F06FEB25566E9C00BFDD3A /* APIService.swift in Sources */,
				77662664255932CD0009B6FA /* Fasting.swift in Sources */,
				77D0018C256FCCE50087CBA0 /* HolidayViewViewModel.swift in Sources */,
				777EF14F2575A71200E4016E /* Extension+Color.swift in Sources */,
				77F070142557234B00BFDD3A /* ImageCache.swift in Sources */,
				77AC6A1A256ACC33004BAEE9 /* CanonCDM+CoreDataProperties.swift in Sources */,
				7766267225595B700009B6FA /* DetailSaintView.swift in Sources */,
				77F06FFD2556A8B500BFDD3A /* DayViewModel.swift in Sources */,
				77FD6ABC256EBC8B00571D36 /* BasicNeumorphicShadow.swift in Sources */,
				77F0701125570B2500BFDD3A /* AsyncImage.swift in Sources */,
				777EF14B2575A69100E4016E /* Extension+LinearGradient.swift in Sources */,
				7774ACC3255C125000FE1252 /* SaintService.swift in Sources */,
				7717BAA7255D426F002AD3A6 /* WelcomeView.swift in Sources */,
				7774ACC9255C56B100FE1252 /* BigIconImage.swift in Sources */,
				77F94F322566BC020015DA7A /* SaintRow.swift in Sources */,
				776B81B42566BD300073C47E /* Constant.swift in Sources */,
				779D729D25684F390090E948 /* CoreDataManager.swift in Sources */,
				77CEBE8F255DC2E30018B632 /* Canon.swift in Sources */,
				77FC05AF2559638A001AE985 /* Extension+Data.swift in Sources */,
				77F06FEF25566F8700BFDD3A /* RequestBuilder.swift in Sources */,
				775272CE25752FCC00FE8FFF /* Extension+UIApplication.swift in Sources */,
				777EF1452575A35200E4016E /* SimpleButtonStyle.swift in Sources */,
				77F0700B25570A9500BFDD3A /* ImageLoader.swift in Sources */,
				774F898E256BFD2A00A84663 /* SaintCDM+CoreDataProperties.swift in Sources */,
				7774ACCD255C657E00FE1252 /* BigIconImagePlaceholder.swift in Sources */,
				77F070172557260300BFDD3A /* TemporaryImageCache.swift in Sources */,
				77F070012556F28900BFDD3A /* DayIconImages.swift in Sources */,
				775272CA25752D9F00FE8FFF /* StoreReviewHelper.swift in Sources */,
				7767E7292555541600870197 /* CalendarView.swift in Sources */,
				775272D225753A9D00FE8FFF /* MailView.swift in Sources */,
				776B81BE256705DF0073C47E /* About.swift in Sources */,
				7735CF2625658EB00048BD9D /* WaveShape.swift in Sources */,
				779B7BD82555D4BE009C6835 /* CalendarEndpoint.swift in Sources */,
				7767E7272555541600870197 /* Ichthys_CalendarApp.swift in Sources */,
				77F06FF52556703C00BFDD3A /* APISession.swift in Sources */,
				77D00190257034430087CBA0 /* HolidayIcon.swift in Sources */,
			);
			runOnlyForDeploymentPostprocessing = 0;
		};
		77D0023825727EAC0087CBA0 /* Sources */ = {
			isa = PBXSourcesBuildPhase;
			buildActionMask = 2147483647;
			files = (
				77D201F62572B41F0053532F /* Extension+String.swift in Sources */,
				77D202042572B4550053532F /* APISession.swift in Sources */,
				77A44BC72574104A00362830 /* Ichthys_Calendar_WidgetEntryView.swift in Sources */,
				77D202122572B83E0053532F /* Holiday.swift in Sources */,
				77D202092572B4550053532F /* Extension+URLRequest.swift in Sources */,
				77D2020C2572B82C0053532F /* Saint.swift in Sources */,
				77A44BB725740F5600362830 /* DayInfoProvider.swift in Sources */,
				775272D925753BEB00FE8FFF /* Constant.swift in Sources */,
				77D201FF2572B42E0053532F /* Extension+DateFormatter.swift in Sources */,
				779331B62573FE1300410C2E /* BasicNeumorphicShadow.swift in Sources */,
				77D202212572B8A60053532F /* Canon.swift in Sources */,
				77D2021E2572B8A30053532F /* Prayer.swift in Sources */,
				77A44BBF25740FB700362830 /* DayInfo.swift in Sources */,
				77D202182572B8920053532F /* HolidayImg.swift in Sources */,
				77D201FC2572B42A0053532F /* Extension+Date.swift in Sources */,
				77D202152572B84E0053532F /* Fasting.swift in Sources */,
				77D2020F2572B8360053532F /* DayData.swift in Sources */,
				77D202072572B4550053532F /* APIService.swift in Sources */,
				77D2021B2572B89C0053532F /* SaintImg.swift in Sources */,
				77D201F92572B4250053532F /* Extension+Data.swift in Sources */,
				77A44BBB25740F8E00362830 /* DayInfoLoader.swift in Sources */,
				77D202062572B4550053532F /* RequestBuilder.swift in Sources */,
				77D202032572B4550053532F /* SaintService.swift in Sources */,
				77D202082572B4550053532F /* CalendarEndpoint.swift in Sources */,
				77A44BC325740FF200362830 /* DayInfoEntry.swift in Sources */,
				77D0024425727EAC0087CBA0 /* Ichthys_Calendar_Widget.swift in Sources */,
				77D202022572B4550053532F /* APIError.swift in Sources */,
				77D202052572B4550053532F /* CalendarDayService.swift in Sources */,
			);
			runOnlyForDeploymentPostprocessing = 0;
		};
/* End PBXSourcesBuildPhase section */

/* Begin PBXTargetDependency section */
		77D0024925727EAC0087CBA0 /* PBXTargetDependency */ = {
			isa = PBXTargetDependency;
			target = 77D0023B25727EAC0087CBA0 /* Ichthys Calendar WidgetExtension */;
			targetProxy = 77D0024825727EAC0087CBA0 /* PBXContainerItemProxy */;
		};
/* End PBXTargetDependency section */

/* Begin PBXVariantGroup section */
		77797962257797590090AE50 /* Localizable.strings */ = {
			isa = PBXVariantGroup;
			children = (
				77797961257797590090AE50 /* en */,
				777979632577977A0090AE50 /* fr */,
				777979642577977C0090AE50 /* de */,
				777979652577977D0090AE50 /* el */,
				777979662577977D0090AE50 /* ko */,
				777979672577977E0090AE50 /* pl */,
				777979682577977F0090AE50 /* ro */,
				777979692577977F0090AE50 /* ru */,
				7779796A257797800090AE50 /* es */,
				7779796B257797810090AE50 /* uk */,
			);
			name = Localizable.strings;
			sourceTree = "<group>";
		};
/* End PBXVariantGroup section */

/* Begin XCBuildConfiguration section */
		7767E7302555541800870197 /* Debug */ = {
			isa = XCBuildConfiguration;
			buildSettings = {
				ALWAYS_SEARCH_USER_PATHS = NO;
				CLANG_ANALYZER_NONNULL = YES;
				CLANG_ANALYZER_NUMBER_OBJECT_CONVERSION = YES_AGGRESSIVE;
				CLANG_CXX_LANGUAGE_STANDARD = "gnu++14";
				CLANG_CXX_LIBRARY = "libc++";
				CLANG_ENABLE_MODULES = YES;
				CLANG_ENABLE_OBJC_ARC = YES;
				CLANG_ENABLE_OBJC_WEAK = YES;
				CLANG_WARN_BLOCK_CAPTURE_AUTORELEASING = YES;
				CLANG_WARN_BOOL_CONVERSION = YES;
				CLANG_WARN_COMMA = YES;
				CLANG_WARN_CONSTANT_CONVERSION = YES;
				CLANG_WARN_DEPRECATED_OBJC_IMPLEMENTATIONS = YES;
				CLANG_WARN_DIRECT_OBJC_ISA_USAGE = YES_ERROR;
				CLANG_WARN_DOCUMENTATION_COMMENTS = YES;
				CLANG_WARN_EMPTY_BODY = YES;
				CLANG_WARN_ENUM_CONVERSION = YES;
				CLANG_WARN_INFINITE_RECURSION = YES;
				CLANG_WARN_INT_CONVERSION = YES;
				CLANG_WARN_NON_LITERAL_NULL_CONVERSION = YES;
				CLANG_WARN_OBJC_IMPLICIT_RETAIN_SELF = YES;
				CLANG_WARN_OBJC_LITERAL_CONVERSION = YES;
				CLANG_WARN_OBJC_ROOT_CLASS = YES_ERROR;
				CLANG_WARN_QUOTED_INCLUDE_IN_FRAMEWORK_HEADER = YES;
				CLANG_WARN_RANGE_LOOP_ANALYSIS = YES;
				CLANG_WARN_STRICT_PROTOTYPES = YES;
				CLANG_WARN_SUSPICIOUS_MOVE = YES;
				CLANG_WARN_UNGUARDED_AVAILABILITY = YES_AGGRESSIVE;
				CLANG_WARN_UNREACHABLE_CODE = YES;
				CLANG_WARN__DUPLICATE_METHOD_MATCH = YES;
				COPY_PHASE_STRIP = NO;
				DEBUG_INFORMATION_FORMAT = dwarf;
				ENABLE_STRICT_OBJC_MSGSEND = YES;
				ENABLE_TESTABILITY = YES;
				GCC_C_LANGUAGE_STANDARD = gnu11;
				GCC_DYNAMIC_NO_PIC = NO;
				GCC_NO_COMMON_BLOCKS = YES;
				GCC_OPTIMIZATION_LEVEL = 0;
				GCC_PREPROCESSOR_DEFINITIONS = (
					"DEBUG=1",
					"$(inherited)",
				);
				GCC_WARN_64_TO_32_BIT_CONVERSION = YES;
				GCC_WARN_ABOUT_RETURN_TYPE = YES_ERROR;
				GCC_WARN_UNDECLARED_SELECTOR = YES;
				GCC_WARN_UNINITIALIZED_AUTOS = YES_AGGRESSIVE;
				GCC_WARN_UNUSED_FUNCTION = YES;
				GCC_WARN_UNUSED_VARIABLE = YES;
				IPHONEOS_DEPLOYMENT_TARGET = 14.1;
				MTL_ENABLE_DEBUG_INFO = INCLUDE_SOURCE;
				MTL_FAST_MATH = YES;
				ONLY_ACTIVE_ARCH = YES;
				SDKROOT = iphoneos;
				SWIFT_ACTIVE_COMPILATION_CONDITIONS = DEBUG;
				SWIFT_OPTIMIZATION_LEVEL = "-Onone";
			};
			name = Debug;
		};
		7767E7312555541800870197 /* Release */ = {
			isa = XCBuildConfiguration;
			buildSettings = {
				ALWAYS_SEARCH_USER_PATHS = NO;
				CLANG_ANALYZER_NONNULL = YES;
				CLANG_ANALYZER_NUMBER_OBJECT_CONVERSION = YES_AGGRESSIVE;
				CLANG_CXX_LANGUAGE_STANDARD = "gnu++14";
				CLANG_CXX_LIBRARY = "libc++";
				CLANG_ENABLE_MODULES = YES;
				CLANG_ENABLE_OBJC_ARC = YES;
				CLANG_ENABLE_OBJC_WEAK = YES;
				CLANG_WARN_BLOCK_CAPTURE_AUTORELEASING = YES;
				CLANG_WARN_BOOL_CONVERSION = YES;
				CLANG_WARN_COMMA = YES;
				CLANG_WARN_CONSTANT_CONVERSION = YES;
				CLANG_WARN_DEPRECATED_OBJC_IMPLEMENTATIONS = YES;
				CLANG_WARN_DIRECT_OBJC_ISA_USAGE = YES_ERROR;
				CLANG_WARN_DOCUMENTATION_COMMENTS = YES;
				CLANG_WARN_EMPTY_BODY = YES;
				CLANG_WARN_ENUM_CONVERSION = YES;
				CLANG_WARN_INFINITE_RECURSION = YES;
				CLANG_WARN_INT_CONVERSION = YES;
				CLANG_WARN_NON_LITERAL_NULL_CONVERSION = YES;
				CLANG_WARN_OBJC_IMPLICIT_RETAIN_SELF = YES;
				CLANG_WARN_OBJC_LITERAL_CONVERSION = YES;
				CLANG_WARN_OBJC_ROOT_CLASS = YES_ERROR;
				CLANG_WARN_QUOTED_INCLUDE_IN_FRAMEWORK_HEADER = YES;
				CLANG_WARN_RANGE_LOOP_ANALYSIS = YES;
				CLANG_WARN_STRICT_PROTOTYPES = YES;
				CLANG_WARN_SUSPICIOUS_MOVE = YES;
				CLANG_WARN_UNGUARDED_AVAILABILITY = YES_AGGRESSIVE;
				CLANG_WARN_UNREACHABLE_CODE = YES;
				CLANG_WARN__DUPLICATE_METHOD_MATCH = YES;
				COPY_PHASE_STRIP = NO;
				DEBUG_INFORMATION_FORMAT = "dwarf-with-dsym";
				ENABLE_NS_ASSERTIONS = NO;
				ENABLE_STRICT_OBJC_MSGSEND = YES;
				GCC_C_LANGUAGE_STANDARD = gnu11;
				GCC_NO_COMMON_BLOCKS = YES;
				GCC_WARN_64_TO_32_BIT_CONVERSION = YES;
				GCC_WARN_ABOUT_RETURN_TYPE = YES_ERROR;
				GCC_WARN_UNDECLARED_SELECTOR = YES;
				GCC_WARN_UNINITIALIZED_AUTOS = YES_AGGRESSIVE;
				GCC_WARN_UNUSED_FUNCTION = YES;
				GCC_WARN_UNUSED_VARIABLE = YES;
				IPHONEOS_DEPLOYMENT_TARGET = 14.1;
				MTL_ENABLE_DEBUG_INFO = NO;
				MTL_FAST_MATH = YES;
				SDKROOT = iphoneos;
				SWIFT_COMPILATION_MODE = wholemodule;
				SWIFT_OPTIMIZATION_LEVEL = "-O";
				VALIDATE_PRODUCT = YES;
			};
			name = Release;
		};
		7767E7332555541800870197 /* Debug */ = {
			isa = XCBuildConfiguration;
			buildSettings = {
				ALWAYS_EMBED_SWIFT_STANDARD_LIBRARIES = YES;
				ASSETCATALOG_COMPILER_APPICON_NAME = AppIcon;
				ASSETCATALOG_COMPILER_GLOBAL_ACCENT_COLOR_NAME = AccentColor;
				CODE_SIGN_STYLE = Automatic;
				CURRENT_PROJECT_VERSION = 20;
				DEVELOPMENT_ASSET_PATHS = "\"Ichthys Calendar/Resources/Preview Content\"";
				DEVELOPMENT_TEAM = PFT2629W4Z;
				ENABLE_PREVIEWS = YES;
				INFOPLIST_FILE = "$(SRCROOT)/Ichthys Calendar/App/Info.plist";
				IPHONEOS_DEPLOYMENT_TARGET = 14.2;
				LD_RUNPATH_SEARCH_PATHS = (
					"$(inherited)",
					"@executable_path/Frameworks",
				);
				PRODUCT_BUNDLE_IDENTIFIER = "SwiftViktor.Ichthys-Calendar";
				PRODUCT_NAME = "$(TARGET_NAME)";
				SWIFT_VERSION = 5.0;
				TARGETED_DEVICE_FAMILY = 1;
			};
			name = Debug;
		};
		7767E7342555541800870197 /* Release */ = {
			isa = XCBuildConfiguration;
			buildSettings = {
				ALWAYS_EMBED_SWIFT_STANDARD_LIBRARIES = YES;
				ASSETCATALOG_COMPILER_APPICON_NAME = AppIcon;
				ASSETCATALOG_COMPILER_GLOBAL_ACCENT_COLOR_NAME = AccentColor;
				CODE_SIGN_STYLE = Automatic;
				CURRENT_PROJECT_VERSION = 20;
				DEVELOPMENT_ASSET_PATHS = "\"Ichthys Calendar/Resources/Preview Content\"";
				DEVELOPMENT_TEAM = PFT2629W4Z;
				ENABLE_PREVIEWS = YES;
				INFOPLIST_FILE = "$(SRCROOT)/Ichthys Calendar/App/Info.plist";
				IPHONEOS_DEPLOYMENT_TARGET = 14.2;
				LD_RUNPATH_SEARCH_PATHS = (
					"$(inherited)",
					"@executable_path/Frameworks",
				);
				PRODUCT_BUNDLE_IDENTIFIER = "SwiftViktor.Ichthys-Calendar";
				PRODUCT_NAME = "$(TARGET_NAME)";
				SWIFT_VERSION = 5.0;
				TARGETED_DEVICE_FAMILY = 1;
			};
			name = Release;
		};
		77D0024C25727EAC0087CBA0 /* Debug */ = {
			isa = XCBuildConfiguration;
			buildSettings = {
				ASSETCATALOG_COMPILER_GLOBAL_ACCENT_COLOR_NAME = AccentColor;
				ASSETCATALOG_COMPILER_WIDGET_BACKGROUND_COLOR_NAME = WidgetBackground;
				CODE_SIGN_STYLE = Automatic;
				CURRENT_PROJECT_VERSION = 20;
				DEVELOPMENT_TEAM = PFT2629W4Z;
				INFOPLIST_FILE = "$(SRCROOT)/Ichthys Calendar Widget/WidgetCore/Info.plist";
				IPHONEOS_DEPLOYMENT_TARGET = 14.2;
				LD_RUNPATH_SEARCH_PATHS = (
					"$(inherited)",
					"@executable_path/Frameworks",
					"@executable_path/../../Frameworks",
				);
				PRODUCT_BUNDLE_IDENTIFIER = "SwiftViktor.Ichthys-Calendar.Ichthys-Calendar-Widget";
				PRODUCT_NAME = "$(TARGET_NAME)";
				SKIP_INSTALL = YES;
				SWIFT_VERSION = 5.0;
				TARGETED_DEVICE_FAMILY = "1,2";
			};
			name = Debug;
		};
		77D0024D25727EAC0087CBA0 /* Release */ = {
			isa = XCBuildConfiguration;
			buildSettings = {
				ASSETCATALOG_COMPILER_GLOBAL_ACCENT_COLOR_NAME = AccentColor;
				ASSETCATALOG_COMPILER_WIDGET_BACKGROUND_COLOR_NAME = WidgetBackground;
				CODE_SIGN_STYLE = Automatic;
				CURRENT_PROJECT_VERSION = 20;
				DEVELOPMENT_TEAM = PFT2629W4Z;
				INFOPLIST_FILE = "$(SRCROOT)/Ichthys Calendar Widget/WidgetCore/Info.plist";
				IPHONEOS_DEPLOYMENT_TARGET = 14.2;
				LD_RUNPATH_SEARCH_PATHS = (
					"$(inherited)",
					"@executable_path/Frameworks",
					"@executable_path/../../Frameworks",
				);
				PRODUCT_BUNDLE_IDENTIFIER = "SwiftViktor.Ichthys-Calendar.Ichthys-Calendar-Widget";
				PRODUCT_NAME = "$(TARGET_NAME)";
				SKIP_INSTALL = YES;
				SWIFT_VERSION = 5.0;
				TARGETED_DEVICE_FAMILY = "1,2";
			};
			name = Release;
		};
/* End XCBuildConfiguration section */

/* Begin XCConfigurationList section */
		7767E71E2555541600870197 /* Build configuration list for PBXProject "Ichthys Calendar" */ = {
			isa = XCConfigurationList;
			buildConfigurations = (
				7767E7302555541800870197 /* Debug */,
				7767E7312555541800870197 /* Release */,
			);
			defaultConfigurationIsVisible = 0;
			defaultConfigurationName = Release;
		};
		7767E7322555541800870197 /* Build configuration list for PBXNativeTarget "Ichthys Calendar" */ = {
			isa = XCConfigurationList;
			buildConfigurations = (
				7767E7332555541800870197 /* Debug */,
				7767E7342555541800870197 /* Release */,
			);
			defaultConfigurationIsVisible = 0;
			defaultConfigurationName = Release;
		};
		77D0024E25727EAC0087CBA0 /* Build configuration list for PBXNativeTarget "Ichthys Calendar WidgetExtension" */ = {
			isa = XCConfigurationList;
			buildConfigurations = (
				77D0024C25727EAC0087CBA0 /* Debug */,
				77D0024D25727EAC0087CBA0 /* Release */,
			);
			defaultConfigurationIsVisible = 0;
			defaultConfigurationName = Release;
		};
/* End XCConfigurationList section */

/* Begin XCVersionGroup section */
		779D729825684F030090E948 /* CalendarCDM.xcdatamodeld */ = {
			isa = XCVersionGroup;
			children = (
				779D729925684F030090E948 /* CalendarCDM.xcdatamodel */,
			);
			currentVersion = 779D729925684F030090E948 /* CalendarCDM.xcdatamodel */;
			path = CalendarCDM.xcdatamodeld;
			sourceTree = "<group>";
			versionGroupType = wrapper.xcdatamodel;
		};
/* End XCVersionGroup section */
	};
	rootObject = 7767E71B2555541600870197 /* Project object */;
}
